<?xml version="1.0" encoding="utf-8"?>
<Project ToolsVersion="4.0" xmlns="http://schemas.microsoft.com/developer/msbuild/2003">
  <ItemGroup>
    <Filter Include="Source Files">
      <UniqueIdentifier>{4FC737F1-C7A5-4376-A066-2A32D752A2FF}</UniqueIdentifier>
      <Extensions>cpp;c;cc;cxx;def;odl;idl;hpj;bat;asm;asmx</Extensions>
    </Filter>
    <Filter Include="Header Files">
      <UniqueIdentifier>{93995380-89BD-4b04-88EB-625FBE52EBFB}</UniqueIdentifier>
      <Extensions>h;hh;hpp;hxx;hm;inl;inc;xsd</Extensions>
    </Filter>
    <Filter Include="Marian">
      <UniqueIdentifier>{f82cd974-3e6a-48c6-a673-98542c7fe613}</UniqueIdentifier>
    </Filter>
    <Filter Include="Marian\IRIS Example">
      <UniqueIdentifier>{ebd327fb-f22a-4691-82a8-10deec4919ac}</UniqueIdentifier>
    </Filter>
    <Filter Include="Marian\Include">
      <UniqueIdentifier>{d5ebe776-85b0-4af5-b9e8-98b569ca1bc3}</UniqueIdentifier>
    </Filter>
    <Filter Include="Marian\Models">
      <UniqueIdentifier>{dbf88615-10b3-4ecb-8807-fdebc19c5efe}</UniqueIdentifier>
    </Filter>
  </ItemGroup>
  <ItemGroup>
    <ClCompile Include="Main.cpp">
      <Filter>Source Files</Filter>
    </ClCompile>
    <ClCompile Include="MT.cpp">
      <Filter>Source Files</Filter>
    </ClCompile>
    <ClCompile Include="Tests.cpp">
      <Filter>Source Files</Filter>
    </ClCompile>
    <ClCompile Include="iris.cpp">
      <Filter>Marian\IRIS Example</Filter>
    </ClCompile>
  </ItemGroup>
  <ItemGroup>
    <ClInclude Include="Layers.h">
      <Filter>Header Files</Filter>
    </ClInclude>
    <ClInclude Include="PlainTextDeseralizer.h">
      <Filter>Header Files</Filter>
    </ClInclude>
    <ClInclude Include="CNTKLibraryHelpers.h">
      <Filter>Header Files</Filter>
    </ClInclude>
    <ClInclude Include="Models.h">
      <Filter>Header Files</Filter>
    </ClInclude>
    <ClInclude Include="helper.h">
      <Filter>Marian\IRIS Example</Filter>
    </ClInclude>
    <ClInclude Include="marian.h">
      <Filter>Marian\Include</Filter>
    </ClInclude>
    <ClInclude Include="transformer.h">
      <Filter>Marian\Models</Filter>
    </ClInclude>
    <ClInclude Include="shape.h">
      <Filter>Marian\Include</Filter>
    </ClInclude>
    <ClInclude Include="encdec.h">
      <Filter>Marian\Models</Filter>
    </ClInclude>
    <ClInclude Include="states.h">
      <Filter>Marian\Include</Filter>
    </ClInclude>
  </ItemGroup>
  <ItemGroup>
    <None Include="iris.data">
      <Filter>Marian\IRIS Example</Filter>
    </None>
  </ItemGroup>
</Project>