<?xml version="1.0" encoding="utf-8"?>
<Project ToolsVersion="4.0" xmlns="http://schemas.microsoft.com/developer/msbuild/2003">
  <ItemGroup>
    <Filter Include="Source Files">
      <UniqueIdentifier>{4FC737F1-C7A5-4376-A066-2A32D752A2FF}</UniqueIdentifier>
      <Extensions>cpp;c;cc;cxx;def;odl;idl;hpj;bat;asm;asmx</Extensions>
    </Filter>
    <Filter Include="Header Files">
      <UniqueIdentifier>{93995380-89BD-4b04-88EB-625FBE52EBFB}</UniqueIdentifier>
      <Extensions>h;hh;hpp;hxx;hm;inl;inc;xsd</Extensions>
    </Filter>
    <Filter Include="Marian On CNTK">
      <UniqueIdentifier>{f82cd974-3e6a-48c6-a673-98542c7fe613}</UniqueIdentifier>
    </Filter>
    <Filter Include="Marian On CNTK\API">
      <UniqueIdentifier>{d5ebe776-85b0-4af5-b9e8-98b569ca1bc3}</UniqueIdentifier>
    </Filter>
    <Filter Include="Marian On CNTK\Backend">
      <UniqueIdentifier>{8a33c25e-0d4a-4e41-a555-a253cc8787bc}</UniqueIdentifier>
    </Filter>
    <Filter Include="Marian On CNTK\Frontend">
      <UniqueIdentifier>{1fb05372-c130-4816-9107-6bfcc6f8dba8}</UniqueIdentifier>
    </Filter>
  </ItemGroup>
  <ItemGroup>
    <ClCompile Include="Main.cpp">
      <Filter>Source Files</Filter>
    </ClCompile>
    <ClCompile Include="MT.cpp">
      <Filter>Source Files</Filter>
    </ClCompile>
    <ClCompile Include="Tests.cpp">
      <Filter>Source Files</Filter>
    </ClCompile>
  </ItemGroup>
  <ItemGroup>
    <ClInclude Include="Layers.h">
      <Filter>Header Files</Filter>
    </ClInclude>
    <ClInclude Include="PlainTextDeseralizer.h">
      <Filter>Header Files</Filter>
    </ClInclude>
    <ClInclude Include="CNTKLibraryHelpers.h">
      <Filter>Header Files</Filter>
    </ClInclude>
    <ClInclude Include="Models.h">
      <Filter>Header Files</Filter>
    </ClInclude>
    <ClInclude Include="marian.h">
      <Filter>Marian On CNTK\API</Filter>
    </ClInclude>
    <ClInclude Include="marian-dev\src\common\shape.h">
      <Filter>Marian On CNTK\Backend</Filter>
    </ClInclude>
    <ClInclude Include="marian-dev\src\rnn\types.h">
      <Filter>Marian On CNTK\Frontend</Filter>
    </ClInclude>
    <ClInclude Include="marian-dev\src\models\states.h">
      <Filter>Marian On CNTK\Frontend</Filter>
    </ClInclude>
    <ClInclude Include="marian-dev\src\models\model_factory.h">
      <Filter>Marian On CNTK\Frontend</Filter>
    </ClInclude>
    <ClInclude Include="marian-dev\src\models\transformer.h">
      <Filter>Marian On CNTK\Frontend</Filter>
    </ClInclude>
    <ClInclude Include="marian-dev\src\layers\factory.h">
      <Filter>Marian On CNTK\Frontend</Filter>
    </ClInclude>
    <ClInclude Include="marian-dev\src\layers\generic.h">
      <Filter>Marian On CNTK\Frontend</Filter>
    </ClInclude>
    <ClInclude Include="marian-dev\src\models\encdec.h">
      <Filter>Marian On CNTK\Frontend</Filter>
    </ClInclude>
    <ClInclude Include="marian-dev\src\rnn\constructors.h">
      <Filter>Marian On CNTK\Frontend</Filter>
    </ClInclude>
    <ClInclude Include="marian-dev\src\models\model_base.h">
      <Filter>Marian On CNTK\Frontend</Filter>
    </ClInclude>
    <ClInclude Include="spdlog\spdlog.h">
      <Filter>Marian On CNTK\API</Filter>
    </ClInclude>
  </ItemGroup>
</Project>