
Microsoft Visual Studio Solution File, Format Version 12.00
# Visual Studio 2013
VisualStudioVersion = 12.0.21005.1
MinimumVisualStudioVersion = 10.0.40219.1
Project("{8BC9CEB8-8B4A-11D0-8D11-00A0C91BC942}") = "CNTKMath", "Math\Math\Math.vcxproj", "{60BDB847-D0C4-4FD3-A947-0C15C08BCDB5}"
	ProjectSection(ProjectDependencies) = postProject
		{B3DD765E-694E-4494-BAD7-37BBF2942517} = {B3DD765E-694E-4494-BAD7-37BBF2942517}
	EndProjectSection
EndProject
Project("{8BC9CEB8-8B4A-11D0-8D11-00A0C91BC942}") = "CNTK", "MachineLearning\CNTK\CNTK.vcxproj", "{E6F26F9A-FF64-4F0A-B749-CD309EE357EE}"
	ProjectSection(ProjectDependencies) = postProject
		{33D2FD22-DEF2-4507-A58A-368F641AEBE5} = {33D2FD22-DEF2-4507-A58A-368F641AEBE5}
		{D667AF32-028A-4A5D-BE19-F46776F0F6B2} = {D667AF32-028A-4A5D-BE19-F46776F0F6B2}
		{9A2F2441-5972-4EA8-9215-4119FCE0FB68} = {9A2F2441-5972-4EA8-9215-4119FCE0FB68}
		{60BDB847-D0C4-4FD3-A947-0C15C08BCDB5} = {60BDB847-D0C4-4FD3-A947-0C15C08BCDB5}
		{014DA766-B37B-4581-BC26-963EA5507931} = {014DA766-B37B-4581-BC26-963EA5507931}
		{62836DC1-DF77-4B98-BF2D-45C943B7DDC6} = {62836DC1-DF77-4B98-BF2D-45C943B7DDC6}
		{1D5787D4-52E4-45DB-951B-82F220EE0C6A} = {1D5787D4-52E4-45DB-951B-82F220EE0C6A}
		{E6646FFE-3588-4276-8A15-8D65C22711C1} = {E6646FFE-3588-4276-8A15-8D65C22711C1}
	EndProjectSection
EndProject
Project("{2150E333-8FDC-42A3-9474-1A3956D46DE8}") = "Tests", "Tests", "{D45DF403-6781-444E-B654-A96868C5BE68}"
EndProject
Project("{8BC9CEB8-8B4A-11D0-8D11-00A0C91BC942}") = "CNTKMathTest", "Math\CNTKMathTest\CNTKMathTest.vcxproj", "{6CEE834A-8104-46A8-8902-64C81BD7928F}"
EndProject
Project("{8BC9CEB8-8B4A-11D0-8D11-00A0C91BC942}") = "HTKMLFReader", "DataReader\HTKMLFReader\HTKMLFReader.vcxproj", "{33D2FD22-DEF2-4507-A58A-368F641AEBE5}"
	ProjectSection(ProjectDependencies) = postProject
		{60BDB847-D0C4-4FD3-A947-0C15C08BCDB5} = {60BDB847-D0C4-4FD3-A947-0C15C08BCDB5}
	EndProjectSection
EndProject
Project("{8BC9CEB8-8B4A-11D0-8D11-00A0C91BC942}") = "MathPerformanceTests", "Math\MathPerformanceTests\MathPerformanceTests.vcxproj", "{668BEED5-AC07-4F35-B3AE-EE65A7F9C976}"
EndProject
Project("{8BC9CEB8-8B4A-11D0-8D11-00A0C91BC942}") = "UCIFastReader", "DataReader\UCIFastReader\UCIFastReader.vcxproj", "{E6646FFE-3588-4276-8A15-8D65C22711C1}"
	ProjectSection(ProjectDependencies) = postProject
		{60BDB847-D0C4-4FD3-A947-0C15C08BCDB5} = {60BDB847-D0C4-4FD3-A947-0C15C08BCDB5}
		{1D5787D4-52E4-45DB-951B-82F220EE0C6A} = {1D5787D4-52E4-45DB-951B-82F220EE0C6A}
	EndProjectSection
EndProject
Project("{8BC9CEB8-8B4A-11D0-8D11-00A0C91BC942}") = "BinaryReader", "DataReader\BinaryReader\BinaryReader.vcxproj", "{1D5787D4-52E4-45DB-951B-82F220EE0C6A}"
	ProjectSection(ProjectDependencies) = postProject
		{60BDB847-D0C4-4FD3-A947-0C15C08BCDB5} = {60BDB847-D0C4-4FD3-A947-0C15C08BCDB5}
	EndProjectSection
EndProject
Project("{8BC9CEB8-8B4A-11D0-8D11-00A0C91BC942}") = "LUSequenceReader", "DataReader\LUSequenceReader\LUSequenceReader.vcxproj", "{62836DC1-DF77-4B98-BF2D-45C943B7DDC6}"
	ProjectSection(ProjectDependencies) = postProject
		{60BDB847-D0C4-4FD3-A947-0C15C08BCDB5} = {60BDB847-D0C4-4FD3-A947-0C15C08BCDB5}
	EndProjectSection
EndProject
Project("{8BC9CEB8-8B4A-11D0-8D11-00A0C91BC942}") = "CNTKEval", "MachineLearning\CNTKEval\CNTKEval.vcxproj", "{482999D1-B7E2-466E-9F8D-2119F93EAFD9}"
	ProjectSection(ProjectDependencies) = postProject
		{60BDB847-D0C4-4FD3-A947-0C15C08BCDB5} = {60BDB847-D0C4-4FD3-A947-0C15C08BCDB5}
	EndProjectSection
EndProject
Project("{8BC9CEB8-8B4A-11D0-8D11-00A0C91BC942}") = "CNTKEvalTest", "MachineLearning\CNTKEval\CNTKEvalTest\CNTKEvalTest.vcxproj", "{0F30EBCF-09F3-4EED-BF54-4214BCE53FEC}"
	ProjectSection(ProjectDependencies) = postProject
		{60BDB847-D0C4-4FD3-A947-0C15C08BCDB5} = {60BDB847-D0C4-4FD3-A947-0C15C08BCDB5}
		{482999D1-B7E2-466E-9F8D-2119F93EAFD9} = {482999D1-B7E2-466E-9F8D-2119F93EAFD9}
	EndProjectSection
EndProject
Project("{2150E333-8FDC-42A3-9474-1A3956D46DE8}") = "Reader Plugins", "Reader Plugins", "{33EBFE78-A1A8-4961-8938-92A271941F94}"
EndProject
Project("{2150E333-8FDC-42A3-9474-1A3956D46DE8}") = "CNTK Core", "CNTK Core", "{DD043083-71A4-409A-AA91-F9C548DCF7EC}"
EndProject
Project("{8BC9CEB8-8B4A-11D0-8D11-00A0C91BC942}") = "CNTKMathCUDA", "Math\Math\CNTKMathCUDA.vcxproj", "{B3DD765E-694E-4494-BAD7-37BBF2942517}"
EndProject
Project("{8BC9CEB8-8B4A-11D0-8D11-00A0C91BC942}") = "LMSequenceReader", "DataReader\LMSequenceReader\LMSequenceReader.vcxproj", "{9A2F2441-5972-4EA8-9215-4119FCE0FB68}"
	ProjectSection(ProjectDependencies) = postProject
		{60BDB847-D0C4-4FD3-A947-0C15C08BCDB5} = {60BDB847-D0C4-4FD3-A947-0C15C08BCDB5}
	EndProjectSection
EndProject
Project("{8BC9CEB8-8B4A-11D0-8D11-00A0C91BC942}") = "DSSMReader", "DataReader\DSSMReader\DSSMReader.vcxproj", "{014DA766-B37B-4581-BC26-963EA5507931}"
EndProject
Project("{8BC9CEB8-8B4A-11D0-8D11-00A0C91BC942}") = "LibSVMBinaryReader", "DataReader\LibSVMBinaryReader\LibSVMBinaryReader.vcxproj", "{D667AF32-028A-4A5D-BE19-F46776F0F6B2}"
EndProject
Project("{2150E333-8FDC-42A3-9474-1A3956D46DE8}") = "Linux build files", "Linux build files", "{3ED0465D-23E7-4855-9694-F788717B6533}"
	ProjectSection(SolutionItems) = preProject
		Makefile.cpu = Makefile.cpu
		Makefile.gpu = Makefile.gpu
		Makefile_kaldi.cpu = Makefile_kaldi.cpu
		Makefile_kaldi.gpu = Makefile_kaldi.gpu
		README = README
	EndProjectSection
EndProject
Project("{2150E333-8FDC-42A3-9474-1A3956D46DE8}") = "Documentation", "Documentation", "{065AF55D-AF02-448B-BFCD-52619FDA4BD0}"
EndProject
Project("{2150E333-8FDC-42A3-9474-1A3956D46DE8}") = "Tutorial", "Tutorial", "{98D2C32B-0C1F-4E19-A626-65F7BA4600CF}"
	ProjectSection(SolutionItems) = preProject
		Documentation\Tutorial\CNTK-Tutorial-ICASSP2015.pdf = Documentation\Tutorial\CNTK-Tutorial-ICASSP2015.pdf
	EndProjectSection
EndProject
Project("{2150E333-8FDC-42A3-9474-1A3956D46DE8}") = "CNTK-TechReport", "CNTK-TechReport", "{EA67F51F-1FE8-462D-9F3E-01161685AD59}"
	ProjectSection(SolutionItems) = preProject
		Documentation\CNTK-TechReport\lyx\CNTKBook-20150518.pdf = Documentation\CNTK-TechReport\lyx\CNTKBook-20150518.pdf
	EndProjectSection
EndProject
Project("{2150E333-8FDC-42A3-9474-1A3956D46DE8}") = "Documents", "Documents", "{DE1A06BA-EC5C-4E0D-BCA8-3EA555310C58}"
	ProjectSection(SolutionItems) = preProject
		Documentation\Documents\Configuration Files.docx = Documentation\Documents\Configuration Files.docx
		Documentation\Documents\External Buffer Behavior.docx = Documentation\Documents\External Buffer Behavior.docx
		Documentation\Documents\Model Editing Language.docx = Documentation\Documents\Model Editing Language.docx
		Documentation\Documents\Network Description Language.docx = Documentation\Documents\Network Description Language.docx
	EndProjectSection
EndProject
Project("{2150E333-8FDC-42A3-9474-1A3956D46DE8}") = "License", "License", "{63024704-A2D7-497E-AD4B-5C10C6AA1374}"
	ProjectSection(SolutionItems) = preProject
		license\MSR Computational Network Toolkit_MSR-LA (2014-03-28).docx = license\MSR Computational Network Toolkit_MSR-LA (2014-03-28).docx
	EndProjectSection
EndProject
Project("{2150E333-8FDC-42A3-9474-1A3956D46DE8}") = "lyx", "lyx", "{F9BEB27E-8AF5-464E-8D45-0000D5AFA2D3}"
	ProjectSection(SolutionItems) = preProject
		Documentation\CNTK-TechReport\lyx\#CNTKBook_CNTK_Programmer_Chapter.lyx# = Documentation\CNTK-TechReport\lyx\#CNTKBook_CNTK_Programmer_Chapter.lyx#
		Documentation\CNTK-TechReport\lyx\CNTKBook-master.lyx = Documentation\CNTK-TechReport\lyx\CNTKBook-master.lyx
		Documentation\CNTK-TechReport\lyx\CNTKBook_Abstract.lyx = Documentation\CNTK-TechReport\lyx\CNTKBook_Abstract.lyx
		Documentation\CNTK-TechReport\lyx\CNTKBook_ASRDecoder_Chapter.lyx = Documentation\CNTK-TechReport\lyx\CNTKBook_ASRDecoder_Chapter.lyx
		Documentation\CNTK-TechReport\lyx\CNTKBook_CN_Chapter.lyx = Documentation\CNTK-TechReport\lyx\CNTKBook_CN_Chapter.lyx
		Documentation\CNTK-TechReport\lyx\CNTKBook_CNTK_Adv_Chapter.lyx = Documentation\CNTK-TechReport\lyx\CNTKBook_CNTK_Adv_Chapter.lyx
		Documentation\CNTK-TechReport\lyx\CNTKBook_CNTK_Chapter.lyx = Documentation\CNTK-TechReport\lyx\CNTKBook_CNTK_Chapter.lyx
		Documentation\CNTK-TechReport\lyx\CNTKBook_CNTK_Programmer_Chapter.lyx = Documentation\CNTK-TechReport\lyx\CNTKBook_CNTK_Programmer_Chapter.lyx
		Documentation\CNTK-TechReport\lyx\CNTKBook_ExampleSetup_Chapter.lyx = Documentation\CNTK-TechReport\lyx\CNTKBook_ExampleSetup_Chapter.lyx
		Documentation\CNTK-TechReport\lyx\CNTKBook_Introduction.lyx = Documentation\CNTK-TechReport\lyx\CNTKBook_Introduction.lyx
		Documentation\CNTK-TechReport\lyx\references.bib = Documentation\CNTK-TechReport\lyx\references.bib
	EndProjectSection
EndProject
Project("{2150E333-8FDC-42A3-9474-1A3956D46DE8}") = "figures", "figures", "{889C1CCF-92B3-450B-B00D-FC9A9D5BE464}"
	ProjectSection(SolutionItems) = preProject
		Documentation\CNTK-TechReport\figures\CN+TrainingCriterion.pdf = Documentation\CNTK-TechReport\figures\CN+TrainingCriterion.pdf
		Documentation\CNTK-TechReport\figures\CN+TrainingCriterion.png = Documentation\CNTK-TechReport\figures\CN+TrainingCriterion.png
		Documentation\CNTK-TechReport\figures\CN-1HiddenNN.pdf = Documentation\CNTK-TechReport\figures\CN-1HiddenNN.pdf
		Documentation\CNTK-TechReport\figures\CN-1HiddenNN.png = Documentation\CNTK-TechReport\figures\CN-1HiddenNN.png
		Documentation\CNTK-TechReport\figures\CN-2Inputs.pdf = Documentation\CNTK-TechReport\figures\CN-2Inputs.pdf
		Documentation\CNTK-TechReport\figures\CN-2Inputs.png = Documentation\CNTK-TechReport\figures\CN-2Inputs.png
		Documentation\CNTK-TechReport\figures\CN-EfficientGradient.pdf = Documentation\CNTK-TechReport\figures\CN-EfficientGradient.pdf
		Documentation\CNTK-TechReport\figures\CN-EfficientGradient.png = Documentation\CNTK-TechReport\figures\CN-EfficientGradient.png
		Documentation\CNTK-TechReport\figures\CN-NaiveGradient.pdf = Documentation\CNTK-TechReport\figures\CN-NaiveGradient.pdf
		Documentation\CNTK-TechReport\figures\CN-NaiveGradient.png = Documentation\CNTK-TechReport\figures\CN-NaiveGradient.png
		Documentation\CNTK-TechReport\figures\CN-ShareWeight.pdf = Documentation\CNTK-TechReport\figures\CN-ShareWeight.pdf
		Documentation\CNTK-TechReport\figures\CN-ShareWeight.png = Documentation\CNTK-TechReport\figures\CN-ShareWeight.png
		Documentation\CNTK-TechReport\figures\CN-WithDelayNode.pdf = Documentation\CNTK-TechReport\figures\CN-WithDelayNode.pdf
		Documentation\CNTK-TechReport\figures\CN-WithDelayNode.png = Documentation\CNTK-TechReport\figures\CN-WithDelayNode.png
		Documentation\CNTK-TechReport\figures\CNNComputation.pdf = Documentation\CNTK-TechReport\figures\CNNComputation.pdf
		Documentation\CNTK-TechReport\figures\CNNComputation.png = Documentation\CNTK-TechReport\figures\CNNComputation.png
		Documentation\CNTK-TechReport\figures\CNTKArch.pdf = Documentation\CNTK-TechReport\figures\CNTKArch.pdf
		Documentation\CNTK-TechReport\figures\CNTKArch.png = Documentation\CNTK-TechReport\figures\CNTKArch.png
		Documentation\CNTK-TechReport\figures\ConfusionData1.png = Documentation\CNTK-TechReport\figures\ConfusionData1.png
		Documentation\CNTK-TechReport\figures\ConfusionData100.png = Documentation\CNTK-TechReport\figures\ConfusionData100.png
		Documentation\CNTK-TechReport\figures\SequenceBatch.pdf = Documentation\CNTK-TechReport\figures\SequenceBatch.pdf
		Documentation\CNTK-TechReport\figures\SequenceBatch.png = Documentation\CNTK-TechReport\figures\SequenceBatch.png
		Documentation\CNTK-TechReport\figures\SimpleDemoDataReference.png = Documentation\CNTK-TechReport\figures\SimpleDemoDataReference.png
		Documentation\CNTK-TechReport\figures\SimpleDemoErrorRateReference.png = Documentation\CNTK-TechReport\figures\SimpleDemoErrorRateReference.png
		Documentation\CNTK-TechReport\figures\SimpleDemoOutputReference.png = Documentation\CNTK-TechReport\figures\SimpleDemoOutputReference.png
		Documentation\CNTK-TechReport\figures\simpleRNN.png = Documentation\CNTK-TechReport\figures\simpleRNN.png
		Documentation\CNTK-TechReport\figures\SpeechErrorRate.png = Documentation\CNTK-TechReport\figures\SpeechErrorRate.png
	EndProjectSection
EndProject
Project("{2150E333-8FDC-42A3-9474-1A3956D46DE8}") = "Other", "Other", "{39E42C4B-A078-4CA4-9D92-B883D8129601}"
EndProject
Project("{8BC9CEB8-8B4A-11D0-8D11-00A0C91BC942}") = "CheckInSuites", "CheckInSuites\CheckInSuites.vcxproj", "{DBB3C106-B0B4-4059-8477-C89528CEC1B0}"
	ProjectSection(ProjectDependencies) = postProject
		{E6F26F9A-FF64-4F0A-B749-CD309EE357EE} = {E6F26F9A-FF64-4F0A-B749-CD309EE357EE}
	EndProjectSection
EndProject
Global
	GlobalSection(SolutionConfigurationPlatforms) = preSolution
		Debug|x64 = Debug|x64
		Release|x64 = Release|x64
	EndGlobalSection
	GlobalSection(ProjectConfigurationPlatforms) = postSolution
		{60BDB847-D0C4-4FD3-A947-0C15C08BCDB5}.Debug|x64.ActiveCfg = Debug|x64
		{60BDB847-D0C4-4FD3-A947-0C15C08BCDB5}.Debug|x64.Build.0 = Debug|x64
		{60BDB847-D0C4-4FD3-A947-0C15C08BCDB5}.Release|x64.ActiveCfg = Release|x64
		{60BDB847-D0C4-4FD3-A947-0C15C08BCDB5}.Release|x64.Build.0 = Release|x64
		{E6F26F9A-FF64-4F0A-B749-CD309EE357EE}.Debug|x64.ActiveCfg = Debug|x64
		{E6F26F9A-FF64-4F0A-B749-CD309EE357EE}.Debug|x64.Build.0 = Debug|x64
		{E6F26F9A-FF64-4F0A-B749-CD309EE357EE}.Release|x64.ActiveCfg = Release|x64
		{E6F26F9A-FF64-4F0A-B749-CD309EE357EE}.Release|x64.Build.0 = Release|x64
		{6CEE834A-8104-46A8-8902-64C81BD7928F}.Debug|x64.ActiveCfg = Debug|x64
		{6CEE834A-8104-46A8-8902-64C81BD7928F}.Debug|x64.Build.0 = Debug|x64
		{6CEE834A-8104-46A8-8902-64C81BD7928F}.Release|x64.ActiveCfg = Release|x64
		{33D2FD22-DEF2-4507-A58A-368F641AEBE5}.Debug|x64.ActiveCfg = Debug|x64
		{33D2FD22-DEF2-4507-A58A-368F641AEBE5}.Debug|x64.Build.0 = Debug|x64
		{33D2FD22-DEF2-4507-A58A-368F641AEBE5}.Release|x64.ActiveCfg = Release|x64
		{33D2FD22-DEF2-4507-A58A-368F641AEBE5}.Release|x64.Build.0 = Release|x64
		{668BEED5-AC07-4F35-B3AE-EE65A7F9C976}.Debug|x64.ActiveCfg = Debug|x64
		{668BEED5-AC07-4F35-B3AE-EE65A7F9C976}.Debug|x64.Build.0 = Debug|x64
		{668BEED5-AC07-4F35-B3AE-EE65A7F9C976}.Release|x64.ActiveCfg = Release|x64
		{E6646FFE-3588-4276-8A15-8D65C22711C1}.Debug|x64.ActiveCfg = Debug|x64
		{E6646FFE-3588-4276-8A15-8D65C22711C1}.Debug|x64.Build.0 = Debug|x64
		{E6646FFE-3588-4276-8A15-8D65C22711C1}.Release|x64.ActiveCfg = Release|x64
		{E6646FFE-3588-4276-8A15-8D65C22711C1}.Release|x64.Build.0 = Release|x64
		{1D5787D4-52E4-45DB-951B-82F220EE0C6A}.Debug|x64.ActiveCfg = Debug|x64
		{1D5787D4-52E4-45DB-951B-82F220EE0C6A}.Debug|x64.Build.0 = Debug|x64
		{1D5787D4-52E4-45DB-951B-82F220EE0C6A}.Release|x64.ActiveCfg = Release|x64
		{1D5787D4-52E4-45DB-951B-82F220EE0C6A}.Release|x64.Build.0 = Release|x64
		{62836DC1-DF77-4B98-BF2D-45C943B7DDC6}.Debug|x64.ActiveCfg = Debug|x64
		{62836DC1-DF77-4B98-BF2D-45C943B7DDC6}.Debug|x64.Build.0 = Debug|x64
		{62836DC1-DF77-4B98-BF2D-45C943B7DDC6}.Release|x64.ActiveCfg = Release|x64
		{62836DC1-DF77-4B98-BF2D-45C943B7DDC6}.Release|x64.Build.0 = Release|x64
		{482999D1-B7E2-466E-9F8D-2119F93EAFD9}.Debug|x64.ActiveCfg = Debug|x64
		{482999D1-B7E2-466E-9F8D-2119F93EAFD9}.Debug|x64.Build.0 = Debug|x64
		{482999D1-B7E2-466E-9F8D-2119F93EAFD9}.Release|x64.ActiveCfg = Release|x64
		{482999D1-B7E2-466E-9F8D-2119F93EAFD9}.Release|x64.Build.0 = Release|x64
		{0F30EBCF-09F3-4EED-BF54-4214BCE53FEC}.Debug|x64.ActiveCfg = Debug|x64
		{0F30EBCF-09F3-4EED-BF54-4214BCE53FEC}.Debug|x64.Build.0 = Debug|x64
		{0F30EBCF-09F3-4EED-BF54-4214BCE53FEC}.Release|x64.ActiveCfg = Release|x64
		{B3DD765E-694E-4494-BAD7-37BBF2942517}.Debug|x64.ActiveCfg = Debug|x64
		{B3DD765E-694E-4494-BAD7-37BBF2942517}.Debug|x64.Build.0 = Debug|x64
		{B3DD765E-694E-4494-BAD7-37BBF2942517}.Release|x64.ActiveCfg = Release|x64
		{B3DD765E-694E-4494-BAD7-37BBF2942517}.Release|x64.Build.0 = Release|x64
		{9A2F2441-5972-4EA8-9215-4119FCE0FB68}.Debug|x64.ActiveCfg = Debug|x64
		{9A2F2441-5972-4EA8-9215-4119FCE0FB68}.Debug|x64.Build.0 = Debug|x64
		{9A2F2441-5972-4EA8-9215-4119FCE0FB68}.Release|x64.ActiveCfg = Release|x64
		{9A2F2441-5972-4EA8-9215-4119FCE0FB68}.Release|x64.Build.0 = Release|x64
		{014DA766-B37B-4581-BC26-963EA5507931}.Debug|x64.ActiveCfg = Debug|x64
		{014DA766-B37B-4581-BC26-963EA5507931}.Debug|x64.Build.0 = Debug|x64
		{014DA766-B37B-4581-BC26-963EA5507931}.Release|x64.ActiveCfg = Release|x64
		{014DA766-B37B-4581-BC26-963EA5507931}.Release|x64.Build.0 = Release|x64
		{D667AF32-028A-4A5D-BE19-F46776F0F6B2}.Debug|x64.ActiveCfg = Debug|x64
		{D667AF32-028A-4A5D-BE19-F46776F0F6B2}.Debug|x64.Build.0 = Debug|x64
		{D667AF32-028A-4A5D-BE19-F46776F0F6B2}.Release|x64.ActiveCfg = Release|x64
		{D667AF32-028A-4A5D-BE19-F46776F0F6B2}.Release|x64.Build.0 = Release|x64
		{DBB3C106-B0B4-4059-8477-C89528CEC1B0}.Debug|x64.ActiveCfg = Debug|x64
		{DBB3C106-B0B4-4059-8477-C89528CEC1B0}.Release|x64.ActiveCfg = Release|x64
	EndGlobalSection
	GlobalSection(SolutionProperties) = preSolution
		HideSolutionNode = FALSE
	EndGlobalSection
	GlobalSection(NestedProjects) = preSolution
		{E6F26F9A-FF64-4F0A-B749-CD309EE357EE} = {DD043083-71A4-409A-AA91-F9C548DCF7EC}
		{482999D1-B7E2-466E-9F8D-2119F93EAFD9} = {DD043083-71A4-409A-AA91-F9C548DCF7EC}
		{60BDB847-D0C4-4FD3-A947-0C15C08BCDB5} = {DD043083-71A4-409A-AA91-F9C548DCF7EC}
		{B3DD765E-694E-4494-BAD7-37BBF2942517} = {DD043083-71A4-409A-AA91-F9C548DCF7EC}
		{6CEE834A-8104-46A8-8902-64C81BD7928F} = {D45DF403-6781-444E-B654-A96868C5BE68}
		{668BEED5-AC07-4F35-B3AE-EE65A7F9C976} = {D45DF403-6781-444E-B654-A96868C5BE68}
		{0F30EBCF-09F3-4EED-BF54-4214BCE53FEC} = {D45DF403-6781-444E-B654-A96868C5BE68}
		{DBB3C106-B0B4-4059-8477-C89528CEC1B0} = {D45DF403-6781-444E-B654-A96868C5BE68}
		{E6646FFE-3588-4276-8A15-8D65C22711C1} = {33EBFE78-A1A8-4961-8938-92A271941F94}
		{1D5787D4-52E4-45DB-951B-82F220EE0C6A} = {33EBFE78-A1A8-4961-8938-92A271941F94}
		{62836DC1-DF77-4B98-BF2D-45C943B7DDC6} = {33EBFE78-A1A8-4961-8938-92A271941F94}
		{33D2FD22-DEF2-4507-A58A-368F641AEBE5} = {33EBFE78-A1A8-4961-8938-92A271941F94}
		{9A2F2441-5972-4EA8-9215-4119FCE0FB68} = {33EBFE78-A1A8-4961-8938-92A271941F94}
		{014DA766-B37B-4581-BC26-963EA5507931} = {33EBFE78-A1A8-4961-8938-92A271941F94}
		{D667AF32-028A-4A5D-BE19-F46776F0F6B2} = {33EBFE78-A1A8-4961-8938-92A271941F94}
		{3ED0465D-23E7-4855-9694-F788717B6533} = {39E42C4B-A078-4CA4-9D92-B883D8129601}
		{98D2C32B-0C1F-4E19-A626-65F7BA4600CF} = {065AF55D-AF02-448B-BFCD-52619FDA4BD0}
		{EA67F51F-1FE8-462D-9F3E-01161685AD59} = {065AF55D-AF02-448B-BFCD-52619FDA4BD0}
		{DE1A06BA-EC5C-4E0D-BCA8-3EA555310C58} = {065AF55D-AF02-448B-BFCD-52619FDA4BD0}
		{63024704-A2D7-497E-AD4B-5C10C6AA1374} = {065AF55D-AF02-448B-BFCD-52619FDA4BD0}
		{F9BEB27E-8AF5-464E-8D45-0000D5AFA2D3} = {EA67F51F-1FE8-462D-9F3E-01161685AD59}
		{889C1CCF-92B3-450B-B00D-FC9A9D5BE464} = {EA67F51F-1FE8-462D-9F3E-01161685AD59}
	EndGlobalSection
EndGlobal
