
Microsoft Visual Studio Solution File, Format Version 12.00
# Visual Studio 2013
VisualStudioVersion = 12.0.21005.1
MinimumVisualStudioVersion = 10.0.40219.1
Project("{8BC9CEB8-8B4A-11D0-8D11-00A0C91BC942}") = "CNTKMath", "..\Math\Math\Math.vcxproj", "{60BDB847-D0C4-4FD3-A947-0C15C08BCDB5}"
	ProjectSection(ProjectDependencies) = postProject
		{B3DD765E-694E-4494-BAD7-37BBF2942517} = {B3DD765E-694E-4494-BAD7-37BBF2942517}
	EndProjectSection
EndProject
Project("{8BC9CEB8-8B4A-11D0-8D11-00A0C91BC942}") = "cn", "..\MachineLearning\cn\cn.vcxproj", "{E6F26F9A-FF64-4F0A-B749-CD309EE357EE}"
	ProjectSection(ProjectDependencies) = postProject
		{33D2FD22-DEF2-4507-A58A-368F641AEBE5} = {33D2FD22-DEF2-4507-A58A-368F641AEBE5}
		{9A2F2441-5972-4EA8-9215-4119FCE0FB68} = {9A2F2441-5972-4EA8-9215-4119FCE0FB68}
		{60BDB847-D0C4-4FD3-A947-0C15C08BCDB5} = {60BDB847-D0C4-4FD3-A947-0C15C08BCDB5}
		{B3DD765E-694E-4494-BAD7-37BBF2942517} = {B3DD765E-694E-4494-BAD7-37BBF2942517}
		{62836DC1-DF77-4B98-BF2D-45C943B7DDC6} = {62836DC1-DF77-4B98-BF2D-45C943B7DDC6}
		{1D5787D4-52E4-45DB-951B-82F220EE0C6A} = {1D5787D4-52E4-45DB-951B-82F220EE0C6A}
		{E6646FFE-3588-4276-8A15-8D65C22711C1} = {E6646FFE-3588-4276-8A15-8D65C22711C1}
	EndProjectSection
EndProject
Project("{2150E333-8FDC-42A3-9474-1A3956D46DE8}") = "Unit Tests", "Unit Tests", "{D45DF403-6781-444E-B654-A96868C5BE68}"
EndProject
Project("{8BC9CEB8-8B4A-11D0-8D11-00A0C91BC942}") = "CNTKMathTest", "..\Math\CNTKMathTest\CNTKMathTest.vcxproj", "{6CEE834A-8104-46A8-8902-64C81BD7928F}"
EndProject
Project("{8BC9CEB8-8B4A-11D0-8D11-00A0C91BC942}") = "HTKMLFReader", "..\DataReader\HTKMLFReader\HTKMLFReader.vcxproj", "{33D2FD22-DEF2-4507-A58A-368F641AEBE5}"
	ProjectSection(ProjectDependencies) = postProject
		{60BDB847-D0C4-4FD3-A947-0C15C08BCDB5} = {60BDB847-D0C4-4FD3-A947-0C15C08BCDB5}
	EndProjectSection
EndProject
Project("{8BC9CEB8-8B4A-11D0-8D11-00A0C91BC942}") = "MathPerformanceTests", "..\Math\MathPerformanceTests\MathPerformanceTests.vcxproj", "{668BEED5-AC07-4F35-B3AE-EE65A7F9C976}"
EndProject
Project("{8BC9CEB8-8B4A-11D0-8D11-00A0C91BC942}") = "UCIFastReader", "..\DataReader\UCIFastReader\UCIFastReader.vcxproj", "{E6646FFE-3588-4276-8A15-8D65C22711C1}"
	ProjectSection(ProjectDependencies) = postProject
		{60BDB847-D0C4-4FD3-A947-0C15C08BCDB5} = {60BDB847-D0C4-4FD3-A947-0C15C08BCDB5}
		{1D5787D4-52E4-45DB-951B-82F220EE0C6A} = {1D5787D4-52E4-45DB-951B-82F220EE0C6A}
	EndProjectSection
EndProject
Project("{8BC9CEB8-8B4A-11D0-8D11-00A0C91BC942}") = "BinaryReader", "..\DataReader\BinaryReader\BinaryReader.vcxproj", "{1D5787D4-52E4-45DB-951B-82F220EE0C6A}"
	ProjectSection(ProjectDependencies) = postProject
		{60BDB847-D0C4-4FD3-A947-0C15C08BCDB5} = {60BDB847-D0C4-4FD3-A947-0C15C08BCDB5}
	EndProjectSection
EndProject
Project("{8BC9CEB8-8B4A-11D0-8D11-00A0C91BC942}") = "LUSequenceReader", "..\DataReader\LUSequenceReader\LUSequenceReader.vcxproj", "{62836DC1-DF77-4B98-BF2D-45C943B7DDC6}"
	ProjectSection(ProjectDependencies) = postProject
		{60BDB847-D0C4-4FD3-A947-0C15C08BCDB5} = {60BDB847-D0C4-4FD3-A947-0C15C08BCDB5}
	EndProjectSection
EndProject
Project("{8BC9CEB8-8B4A-11D0-8D11-00A0C91BC942}") = "CNTKEval", "..\MachineLearning\CNTKEval\CNTKEval.vcxproj", "{482999D1-B7E2-466E-9F8D-2119F93EAFD9}"
	ProjectSection(ProjectDependencies) = postProject
		{60BDB847-D0C4-4FD3-A947-0C15C08BCDB5} = {60BDB847-D0C4-4FD3-A947-0C15C08BCDB5}
	EndProjectSection
EndProject
Project("{8BC9CEB8-8B4A-11D0-8D11-00A0C91BC942}") = "CNTKEvalTest", "..\MachineLearning\CNTKEval\CNTKEvalTest\CNTKEvalTest.vcxproj", "{0F30EBCF-09F3-4EED-BF54-4214BCE53FEC}"
	ProjectSection(ProjectDependencies) = postProject
		{60BDB847-D0C4-4FD3-A947-0C15C08BCDB5} = {60BDB847-D0C4-4FD3-A947-0C15C08BCDB5}
		{482999D1-B7E2-466E-9F8D-2119F93EAFD9} = {482999D1-B7E2-466E-9F8D-2119F93EAFD9}
	EndProjectSection
EndProject
Project("{2150E333-8FDC-42A3-9474-1A3956D46DE8}") = "Reader Plugins", "Reader Plugins", "{33EBFE78-A1A8-4961-8938-92A271941F94}"
EndProject
Project("{2150E333-8FDC-42A3-9474-1A3956D46DE8}") = "CNTK", "CNTK", "{DD043083-71A4-409A-AA91-F9C548DCF7EC}"
EndProject
Project("{8BC9CEB8-8B4A-11D0-8D11-00A0C91BC942}") = "CNTKMathCUDA", "..\Math\Math\CNTKMathCUDA.vcxproj", "{B3DD765E-694E-4494-BAD7-37BBF2942517}"
EndProject
Project("{8BC9CEB8-8B4A-11D0-8D11-00A0C91BC942}") = "LMSequenceReader", "..\DataReader\LMSequenceReader\LMSequenceReader.vcxproj", "{9A2F2441-5972-4EA8-9215-4119FCE0FB68}"
	ProjectSection(ProjectDependencies) = postProject
		{60BDB847-D0C4-4FD3-A947-0C15C08BCDB5} = {60BDB847-D0C4-4FD3-A947-0C15C08BCDB5}
	EndProjectSection
EndProject
Project("{8BC9CEB8-8B4A-11D0-8D11-00A0C91BC942}") = "DSSMReader", "..\DataReader\DSSMReader\DSSMReader.vcxproj", "{014DA766-B37B-4581-BC26-963EA5507931}"
EndProject
Project("{8BC9CEB8-8B4A-11D0-8D11-00A0C91BC942}") = "LibSVMBinaryReader", "..\DataReader\LibSVMBinaryReader\LibSVMBinaryReader.vcxproj", "{D667AF32-028A-4A5D-BE19-F46776F0F6B2}"
EndProject
Global
	GlobalSection(SolutionConfigurationPlatforms) = preSolution
		Debug|x64 = Debug|x64
		Release|x64 = Release|x64
	EndGlobalSection
	GlobalSection(ProjectConfigurationPlatforms) = postSolution
		{60BDB847-D0C4-4FD3-A947-0C15C08BCDB5}.Debug|x64.ActiveCfg = Debug|x64
		{60BDB847-D0C4-4FD3-A947-0C15C08BCDB5}.Debug|x64.Build.0 = Debug|x64
		{60BDB847-D0C4-4FD3-A947-0C15C08BCDB5}.Release|x64.ActiveCfg = Release|x64
		{60BDB847-D0C4-4FD3-A947-0C15C08BCDB5}.Release|x64.Build.0 = Release|x64
		{E6F26F9A-FF64-4F0A-B749-CD309EE357EE}.Debug|x64.ActiveCfg = Debug|x64
		{E6F26F9A-FF64-4F0A-B749-CD309EE357EE}.Debug|x64.Build.0 = Debug|x64
		{E6F26F9A-FF64-4F0A-B749-CD309EE357EE}.Release|x64.ActiveCfg = Release|x64
		{E6F26F9A-FF64-4F0A-B749-CD309EE357EE}.Release|x64.Build.0 = Release|x64
		{6CEE834A-8104-46A8-8902-64C81BD7928F}.Debug|x64.ActiveCfg = Debug|x64
		{6CEE834A-8104-46A8-8902-64C81BD7928F}.Debug|x64.Build.0 = Debug|x64
		{6CEE834A-8104-46A8-8902-64C81BD7928F}.Release|x64.ActiveCfg = Release|x64
		{33D2FD22-DEF2-4507-A58A-368F641AEBE5}.Debug|x64.ActiveCfg = Debug|x64
		{33D2FD22-DEF2-4507-A58A-368F641AEBE5}.Debug|x64.Build.0 = Debug|x64
		{33D2FD22-DEF2-4507-A58A-368F641AEBE5}.Release|x64.ActiveCfg = Release|x64
		{33D2FD22-DEF2-4507-A58A-368F641AEBE5}.Release|x64.Build.0 = Release|x64
		{668BEED5-AC07-4F35-B3AE-EE65A7F9C976}.Debug|x64.ActiveCfg = Debug|x64
		{668BEED5-AC07-4F35-B3AE-EE65A7F9C976}.Debug|x64.Build.0 = Debug|x64
		{668BEED5-AC07-4F35-B3AE-EE65A7F9C976}.Release|x64.ActiveCfg = Release|x64
		{E6646FFE-3588-4276-8A15-8D65C22711C1}.Debug|x64.ActiveCfg = Debug|x64
		{E6646FFE-3588-4276-8A15-8D65C22711C1}.Debug|x64.Build.0 = Debug|x64
		{E6646FFE-3588-4276-8A15-8D65C22711C1}.Release|x64.ActiveCfg = Release|x64
		{E6646FFE-3588-4276-8A15-8D65C22711C1}.Release|x64.Build.0 = Release|x64
		{1D5787D4-52E4-45DB-951B-82F220EE0C6A}.Debug|x64.ActiveCfg = Debug|x64
		{1D5787D4-52E4-45DB-951B-82F220EE0C6A}.Debug|x64.Build.0 = Debug|x64
		{1D5787D4-52E4-45DB-951B-82F220EE0C6A}.Release|x64.ActiveCfg = Release|x64
		{1D5787D4-52E4-45DB-951B-82F220EE0C6A}.Release|x64.Build.0 = Release|x64
		{62836DC1-DF77-4B98-BF2D-45C943B7DDC6}.Debug|x64.ActiveCfg = Debug|x64
		{62836DC1-DF77-4B98-BF2D-45C943B7DDC6}.Debug|x64.Build.0 = Debug|x64
		{62836DC1-DF77-4B98-BF2D-45C943B7DDC6}.Release|x64.ActiveCfg = Release|x64
		{62836DC1-DF77-4B98-BF2D-45C943B7DDC6}.Release|x64.Build.0 = Release|x64
		{482999D1-B7E2-466E-9F8D-2119F93EAFD9}.Debug|x64.ActiveCfg = Debug|x64
		{482999D1-B7E2-466E-9F8D-2119F93EAFD9}.Debug|x64.Build.0 = Debug|x64
		{482999D1-B7E2-466E-9F8D-2119F93EAFD9}.Release|x64.ActiveCfg = Release|x64
		{482999D1-B7E2-466E-9F8D-2119F93EAFD9}.Release|x64.Build.0 = Release|x64
		{0F30EBCF-09F3-4EED-BF54-4214BCE53FEC}.Debug|x64.ActiveCfg = Debug|x64
		{0F30EBCF-09F3-4EED-BF54-4214BCE53FEC}.Debug|x64.Build.0 = Debug|x64
		{0F30EBCF-09F3-4EED-BF54-4214BCE53FEC}.Release|x64.ActiveCfg = Release|x64
		{B3DD765E-694E-4494-BAD7-37BBF2942517}.Debug|x64.ActiveCfg = Debug|x64
		{B3DD765E-694E-4494-BAD7-37BBF2942517}.Debug|x64.Build.0 = Debug|x64
		{B3DD765E-694E-4494-BAD7-37BBF2942517}.Release|x64.ActiveCfg = Release|x64
		{B3DD765E-694E-4494-BAD7-37BBF2942517}.Release|x64.Build.0 = Release|x64
		{9A2F2441-5972-4EA8-9215-4119FCE0FB68}.Debug|x64.ActiveCfg = Debug|x64
		{9A2F2441-5972-4EA8-9215-4119FCE0FB68}.Debug|x64.Build.0 = Debug|x64
		{9A2F2441-5972-4EA8-9215-4119FCE0FB68}.Release|x64.ActiveCfg = Release|x64
		{9A2F2441-5972-4EA8-9215-4119FCE0FB68}.Release|x64.Build.0 = Release|x64
		{014DA766-B37B-4581-BC26-963EA5507931}.Debug|x64.ActiveCfg = Debug|x64
		{014DA766-B37B-4581-BC26-963EA5507931}.Debug|x64.Build.0 = Debug|x64
		{014DA766-B37B-4581-BC26-963EA5507931}.Release|x64.ActiveCfg = Release|x64
		{014DA766-B37B-4581-BC26-963EA5507931}.Release|x64.Build.0 = Release|x64
		{D667AF32-028A-4A5D-BE19-F46776F0F6B2}.Debug|x64.ActiveCfg = Debug|x64
		{D667AF32-028A-4A5D-BE19-F46776F0F6B2}.Debug|x64.Build.0 = Debug|x64
		{D667AF32-028A-4A5D-BE19-F46776F0F6B2}.Release|x64.ActiveCfg = Release|x64
		{D667AF32-028A-4A5D-BE19-F46776F0F6B2}.Release|x64.Build.0 = Release|x64
	EndGlobalSection
	GlobalSection(SolutionProperties) = preSolution
		HideSolutionNode = FALSE
	EndGlobalSection
	GlobalSection(NestedProjects) = preSolution
		{E6F26F9A-FF64-4F0A-B749-CD309EE357EE} = {DD043083-71A4-409A-AA91-F9C548DCF7EC}
		{482999D1-B7E2-466E-9F8D-2119F93EAFD9} = {DD043083-71A4-409A-AA91-F9C548DCF7EC}
		{60BDB847-D0C4-4FD3-A947-0C15C08BCDB5} = {DD043083-71A4-409A-AA91-F9C548DCF7EC}
		{B3DD765E-694E-4494-BAD7-37BBF2942517} = {DD043083-71A4-409A-AA91-F9C548DCF7EC}
		{6CEE834A-8104-46A8-8902-64C81BD7928F} = {D45DF403-6781-444E-B654-A96868C5BE68}
		{668BEED5-AC07-4F35-B3AE-EE65A7F9C976} = {D45DF403-6781-444E-B654-A96868C5BE68}
		{0F30EBCF-09F3-4EED-BF54-4214BCE53FEC} = {D45DF403-6781-444E-B654-A96868C5BE68}
		{E6646FFE-3588-4276-8A15-8D65C22711C1} = {33EBFE78-A1A8-4961-8938-92A271941F94}
		{1D5787D4-52E4-45DB-951B-82F220EE0C6A} = {33EBFE78-A1A8-4961-8938-92A271941F94}
		{62836DC1-DF77-4B98-BF2D-45C943B7DDC6} = {33EBFE78-A1A8-4961-8938-92A271941F94}
		{33D2FD22-DEF2-4507-A58A-368F641AEBE5} = {33EBFE78-A1A8-4961-8938-92A271941F94}
		{9A2F2441-5972-4EA8-9215-4119FCE0FB68} = {33EBFE78-A1A8-4961-8938-92A271941F94}
		{014DA766-B37B-4581-BC26-963EA5507931} = {33EBFE78-A1A8-4961-8938-92A271941F94}
		{D667AF32-028A-4A5D-BE19-F46776F0F6B2} = {33EBFE78-A1A8-4961-8938-92A271941F94}
	EndGlobalSection
EndGlobal
