<?xml version="1.0" encoding="utf-8"?>
<Project ToolsVersion="4.0" xmlns="http://schemas.microsoft.com/developer/msbuild/2003">
  <ItemGroup>
    <ClCompile Include="dllmain.cpp" />
    <ClCompile Include="Matrix.cpp" />
    <ClCompile Include="stdafx.cpp" />
    <ClCompile Include="..\..\Common\File.cpp">
      <Filter>Common</Filter>
    </ClCompile>
    <ClCompile Include="..\..\Common\fileutil.cpp">
      <Filter>Common</Filter>
    </ClCompile>
    <ClCompile Include="..\..\Common\DebugUtil.cpp">
      <Filter>Common</Filter>
    </ClCompile>
    <ClCompile Include="CPUMatrix.cpp">
      <Filter>CPU</Filter>
    </ClCompile>
    <ClCompile Include="CPUSparseMatrix.cpp">
      <Filter>CPU</Filter>
    </ClCompile>
    <ClCompile Include="NoGPU.cpp">
      <Filter>GPU</Filter>
    </ClCompile>
    <ClCompile Include="MatrixQuantizerCPU.cpp">
      <Filter>CPU\1bitSGD</Filter>
    </ClCompile>
    <ClCompile Include="MatrixQuantizer.cpp" />
    <ClCompile Include="QuantizedMatrix.cpp" />
    <ClCompile Include="CUDAPageLockedMemAllocator.cpp">
      <Filter>GPU\1bitSGD</Filter>
    </ClCompile>
  </ItemGroup>
  <ItemGroup>
    <ClInclude Include="CommonMatrix.h" />
    <ClInclude Include="Helpers.h" />
    <ClInclude Include="Matrix.h" />
    <ClInclude Include="stdafx.h" />
    <ClInclude Include="targetver.h" />
    <ClInclude Include="..\..\Common\Include\File.h">
      <Filter>Common\Include</Filter>
    </ClInclude>
    <ClInclude Include="..\..\Common\Include\fileutil.h">
      <Filter>Common\Include</Filter>
    </ClInclude>
    <ClInclude Include="..\..\Common\Include\basetypes.h">
      <Filter>Common\Include</Filter>
    </ClInclude>
    <ClInclude Include="CPUMatrix.h">
      <Filter>CPU</Filter>
    </ClInclude>
    <ClInclude Include="CPUSparseMatrix.h">
      <Filter>CPU</Filter>
    </ClInclude>
    <ClInclude Include="MatrixQuantizerGPU.h">
      <Filter>GPU\1bitSGD</Filter>
    </ClInclude>
    <ClInclude Include="MatrixQuantizerCPU.h">
      <Filter>CPU\1bitSGD</Filter>
    </ClInclude>
    <ClInclude Include="MatrixQuantizer.h" />
    <ClInclude Include="QuantizedMatrix.h" />
    <ClInclude Include="MemAllocator.h" />
    <ClInclude Include="CUDAPageLockedMemAllocator.h">
      <Filter>GPU\1bitSGD</Filter>
    </ClInclude>
    <ClInclude Include="..\..\Common\Include\DebugUtil.h" />
  </ItemGroup>
  <ItemGroup>
    <None Include="GPUMatrix.h">
      <Filter>GPU</Filter>
    </None>
    <None Include="GPUSparseMatrix.h">
      <Filter>GPU</Filter>
    </None>
    <None Include="GPUWatcher.h">
      <Filter>GPU</Filter>
    </None>
    <None Include="ClassDiagram.cd" />
    <None Include="GPUWatcher.cu">
      <Filter>GPU</Filter>
    </None>
  </ItemGroup>
  <ItemGroup>
    <Filter Include="Common">
      <UniqueIdentifier>{4d07e945-74fb-48fa-aa63-23f3a7763789}</UniqueIdentifier>
    </Filter>
    <Filter Include="Common\Include">
      <UniqueIdentifier>{51b468dd-7e8a-4be8-ae6f-5e3f3d752b88}</UniqueIdentifier>
    </Filter>
    <Filter Include="CPU">
      <UniqueIdentifier>{94878fe0-ecce-4868-b3be-2199f4ee7507}</UniqueIdentifier>
    </Filter>
    <Filter Include="GPU">
      <UniqueIdentifier>{cc9a219d-d8ab-484a-b253-fd2a29ad7c7c}</UniqueIdentifier>
    </Filter>
    <Filter Include="GPU\1bitSGD">
      <UniqueIdentifier>{cc9ad68a-5ca1-40ad-9a60-4e55ef3d802b}</UniqueIdentifier>
    </Filter>
    <Filter Include="CPU\1bitSGD">
      <UniqueIdentifier>{af1f6489-f531-4338-a4c5-ebe52b884e5c}</UniqueIdentifier>
    </Filter>
  </ItemGroup>
</Project>