<?xml version="1.0" encoding="utf-8"?>
<Project ToolsVersion="4.0" xmlns="http://schemas.microsoft.com/developer/msbuild/2003">
  <ItemGroup>
    <ClCompile Include="TrainActions.cpp">
      <Filter>Actions</Filter>
    </ClCompile>
    <ClCompile Include="EvalActions.cpp">
      <Filter>Actions</Filter>
    </ClCompile>
    <ClCompile Include="OtherActions.cpp">
      <Filter>Actions</Filter>
    </ClCompile>
    <ClCompile Include="SpecialPurposeActions.cpp">
      <Filter>Actions</Filter>
    </ClCompile>
    <ClCompile Include="NetworkFactory.cpp">
      <Filter>Actions</Filter>
    </ClCompile>
    <ClCompile Include="SimpleNetworkBuilder.cpp">
      <Filter>Model Building - Standard Models</Filter>
    </ClCompile>
    <ClCompile Include="NetworkDescriptionLanguage.cpp">
      <Filter>Model Building - NDL</Filter>
    </ClCompile>
    <ClCompile Include="NDLNetworkBuilder.cpp">
      <Filter>Model Building - NDL</Filter>
    </ClCompile>
  </ItemGroup>
  <ItemGroup>
    <ClInclude Include="..\Common\Include\fileutil.h">
      <Filter>Common\Include</Filter>
    </ClInclude>
    <ClInclude Include="..\Common\Include\File.h">
      <Filter>Common\Include</Filter>
    </ClInclude>
    <ClInclude Include="..\Common\Include\TimerUtility.h">
      <Filter>Common\Include</Filter>
    </ClInclude>
    <ClInclude Include="..\Common\Include\Basics.h">
      <Filter>Common\Include</Filter>
    </ClInclude>
    <ClInclude Include="..\Common\Include\BestGpu.h">
      <Filter>Common\Include</Filter>
    </ClInclude>
    <ClInclude Include="..\Common\CrossProcessMutex.h">
      <Filter>Common\Include</Filter>
    </ClInclude>
    <ClInclude Include="..\Common\Include\Platform.h">
      <Filter>Common\Include</Filter>
    </ClInclude>
    <ClInclude Include="..\Common\Include\ScriptableObjects.h">
      <Filter>Common\Include</Filter>
    </ClInclude>
    <ClInclude Include="..\Common\Include\Sequences.h">
      <Filter>Common\Include</Filter>
    </ClInclude>
    <ClInclude Include="Actions.h">
      <Filter>Actions</Filter>
    </ClInclude>
    <ClInclude Include="NDLNetworkBuilder.h">
      <Filter>Model Building - NDL</Filter>
    </ClInclude>
    <ClInclude Include="NDLUtil.h">
      <Filter>Model Building - NDL</Filter>
    </ClInclude>
    <ClInclude Include="SimpleNetworkBuilder.h">
      <Filter>Model Building - Standard Models</Filter>
    </ClInclude>
    <ClInclude Include="NetworkDescriptionLanguage.h">
      <Filter>Model Building - NDL</Filter>
    </ClInclude>
  </ItemGroup>
  <ItemGroup>
    <Filter Include="Common">
      <UniqueIdentifier>{b3d05c7b-7bcf-4b12-bcb5-dced86717202}</UniqueIdentifier>
    </Filter>
    <Filter Include="Common\Include">
      <UniqueIdentifier>{85226dda-87ba-4da6-af04-563d0ce23b94}</UniqueIdentifier>
    </Filter>
    <Filter Include="Actions">
      <UniqueIdentifier>{db4af610-ad50-4fc4-a494-2d4a3bcc6809}</UniqueIdentifier>
    </Filter>
    <Filter Include="Model Building - NDL">
      <UniqueIdentifier>{b38ac95e-c750-4dcf-b067-cfcdad261cb3}</UniqueIdentifier>
    </Filter>
    <Filter Include="Model Building - Standard Models">
      <UniqueIdentifier>{d8c1ab4c-6926-4c8f-9e2e-bc5f4c87e831}</UniqueIdentifier>
    </Filter>
  </ItemGroup>
</Project>