<?xml version="1.0" encoding="utf-8"?>
<Project ToolsVersion="4.0" xmlns="http://schemas.microsoft.com/developer/msbuild/2003">
  <ItemGroup>
    <ClCompile Include="..\Common\File.cpp">
      <Filter>Common</Filter>
    </ClCompile>
    <ClCompile Include="..\Common\fileutil.cpp">
      <Filter>Common</Filter>
    </ClCompile>
    <ClCompile Include="ComputationNode.cpp">
      <Filter>Nodes</Filter>
    </ClCompile>
    <ClCompile Include="stdafx.cpp">
      <Filter>Misc</Filter>
    </ClCompile>
    <ClCompile Include="..\Common\TimerUtility.cpp">
      <Filter>Common</Filter>
    </ClCompile>
    <ClCompile Include="..\Common\BestGpu.cpp">
      <Filter>GPU Interfacing</Filter>
    </ClCompile>
    <ClCompile Include="ComputationNetworkBuilder.cpp">
      <Filter>Network</Filter>
    </ClCompile>
    <ClCompile Include="ComputationNetwork.cpp">
      <Filter>Network</Filter>
    </ClCompile>
    <ClCompile Include="ComputationNetworkEvaluation.cpp">
      <Filter>Network</Filter>
    </ClCompile>
    <ClCompile Include="ComputationNetworkAnalysis.cpp">
      <Filter>Network</Filter>
    </ClCompile>
    <ClCompile Include="ComputationNetworkEditing.cpp">
      <Filter>Network</Filter>
    </ClCompile>
    <ClCompile Include="ComputationNetworkScripting.cpp">
      <Filter>Network</Filter>
    </ClCompile>
    <ClCompile Include="ReshapingNodes.cpp">
      <Filter>Nodes</Filter>
    </ClCompile>
    <ClCompile Include="ComputationNodeScripting.cpp">
      <Filter>Nodes</Filter>
    </ClCompile>
    <ClCompile Include="SpecialPurposeNodes.cpp">
      <Filter>Nodes</Filter>
    </ClCompile>
    <ClCompile Include="InputAndParamNodes.cpp">
      <Filter>Nodes</Filter>
    </ClCompile>
  </ItemGroup>
  <ItemGroup>
    <ClInclude Include="..\Common\Include\fileutil.h">
      <Filter>Common\Include</Filter>
    </ClInclude>
    <ClInclude Include="..\Common\Include\File.h">
      <Filter>Common\Include</Filter>
    </ClInclude>
    <ClInclude Include="ComputationNetwork.h">
      <Filter>Network</Filter>
    </ClInclude>
    <ClInclude Include="ComputationNode.h">
      <Filter>Nodes</Filter>
    </ClInclude>
    <ClInclude Include="stdafx.h">
      <Filter>Misc</Filter>
    </ClInclude>
    <ClInclude Include="targetver.h">
      <Filter>Misc</Filter>
    </ClInclude>
    <ClInclude Include="..\Common\Include\TimerUtility.h">
      <Filter>Common\Include</Filter>
    </ClInclude>
    <ClInclude Include="..\Common\Include\Basics.h">
      <Filter>Common\Include</Filter>
    </ClInclude>
    <ClInclude Include="..\Common\Include\BestGpu.h">
      <Filter>Common\Include</Filter>
    </ClInclude>
    <ClInclude Include="NonlinearityNodes.h">
      <Filter>Nodes</Filter>
    </ClInclude>
    <ClInclude Include="LinearAlgebraNodes.h">
      <Filter>Nodes</Filter>
    </ClInclude>
    <ClInclude Include="ConvolutionalNodes.h">
      <Filter>Nodes</Filter>
    </ClInclude>
    <ClInclude Include="RecurrentNodes.h">
      <Filter>Nodes</Filter>
    </ClInclude>
    <ClInclude Include="InputAndParamNodes.h">
      <Filter>Nodes</Filter>
    </ClInclude>
    <ClInclude Include="..\Common\CrossProcessMutex.h">
      <Filter>Common\Include</Filter>
    </ClInclude>
    <ClInclude Include="..\Common\Include\Platform.h">
      <Filter>Common\Include</Filter>
    </ClInclude>
    <ClInclude Include="ComputationNetworkBuilder.h">
      <Filter>Network</Filter>
    </ClInclude>
    <ClInclude Include="MatrixPool.h">
      <Filter>Network</Filter>
    </ClInclude>
    <ClInclude Include="..\Common\Include\ScriptableObjects.h">
      <Filter>Common\Include</Filter>
    </ClInclude>
    <ClInclude Include="..\Math\Matrix.h">
      <Filter>from Math</Filter>
    </ClInclude>
    <ClInclude Include="ReshapingNodes.h">
      <Filter>Nodes</Filter>
    </ClInclude>
    <ClInclude Include="..\Common\Include\Sequences.h">
      <Filter>Common\Include</Filter>
    </ClInclude>
    <ClInclude Include="..\Common\Include\TensorShape.h">
      <Filter>Common\Include</Filter>
    </ClInclude>
    <ClInclude Include="..\Common\Include\Config.h">
      <Filter>Common\Include</Filter>
    </ClInclude>
    <ClInclude Include="SpecialPurposeNodes.h">
      <Filter>Nodes</Filter>
    </ClInclude>
    <ClInclude Include="PreComputeNodes.h">
      <Filter>Nodes</Filter>
    </ClInclude>
    <ClInclude Include="EvaluationNodes.h">
      <Filter>Nodes</Filter>
    </ClInclude>
    <ClInclude Include="TrainingNodes.h">
      <Filter>Nodes</Filter>
    </ClInclude>
    <ClInclude Include="ComputationEnvironment.h">
      <Filter>Environment</Filter>
    </ClInclude>
  </ItemGroup>
  <ItemGroup>
    <Filter Include="Common">
      <UniqueIdentifier>{b3d05c7b-7bcf-4b12-bcb5-dced86717202}</UniqueIdentifier>
    </Filter>
    <Filter Include="Common\Include">
      <UniqueIdentifier>{85226dda-87ba-4da6-af04-563d0ce23b94}</UniqueIdentifier>
    </Filter>
    <Filter Include="Nodes">
      <UniqueIdentifier>{0b366814-48b2-4619-bf92-85ee24e3cbc1}</UniqueIdentifier>
    </Filter>
    <Filter Include="Misc">
      <UniqueIdentifier>{3c119a92-ffb2-4850-adae-01778324974d}</UniqueIdentifier>
    </Filter>
    <Filter Include="GPU Interfacing">
      <UniqueIdentifier>{8d99b2cc-5209-40e4-8b4b-a7616973ae3b}</UniqueIdentifier>
    </Filter>
    <Filter Include="Network">
      <UniqueIdentifier>{498bb2e9-53de-4955-970e-813e3f21025b}</UniqueIdentifier>
    </Filter>
    <Filter Include="from Math">
      <UniqueIdentifier>{7d838fa4-b5a1-4b8a-b37d-823fb026055b}</UniqueIdentifier>
    </Filter>
    <Filter Include="Environment">
      <UniqueIdentifier>{ed685e39-b7dd-4546-a865-149664fa71a4}</UniqueIdentifier>
    </Filter>
  </ItemGroup>
</Project>