<?xml version="1.0" encoding="utf-8"?>
<Project ToolsVersion="4.0" xmlns="http://schemas.microsoft.com/developer/msbuild/2003">
  <ItemGroup>
    <Filter Include="Source Files">
      <UniqueIdentifier>{4FC737F1-C7A5-4376-A066-2A32D752A2FF}</UniqueIdentifier>
      <Extensions>cpp;c;cc;cxx;def;odl;idl;hpj;bat;asm;asmx</Extensions>
    </Filter>
    <Filter Include="Header Files">
      <UniqueIdentifier>{93995380-89BD-4b04-88EB-625FBE52EBFB}</UniqueIdentifier>
      <Extensions>h;hpp;hxx;hm;inl;inc;xsd</Extensions>
    </Filter>
    <Filter Include="Resource Files">
      <UniqueIdentifier>{67DA6AB6-F800-4c08-8B7A-83BB121AAD01}</UniqueIdentifier>
      <Extensions>rc;ico;cur;bmp;dlg;rc2;rct;bin;rgs;gif;jpg;jpeg;jpe;resx;tiff;tif;png;wav;mfcribbon-ms</Extensions>
    </Filter>
  </ItemGroup>
  <ItemGroup>
    <Text Include="config.txt">
      <Filter>Resource Files</Filter>
    </Text>
    <Text Include="modelEditor.txt">
      <Filter>Resource Files</Filter>
    </Text>
    <Text Include="modelEditorFromScratch.txt">
      <Filter>Resource Files</Filter>
    </Text>
    <Text Include="DefaultMacros.txt">
      <Filter>Resource Files</Filter>
    </Text>
  </ItemGroup>
  <ItemGroup>
    <ClInclude Include="stdafx.h">
      <Filter>Header Files</Filter>
    </ClInclude>
    <ClInclude Include="targetver.h">
      <Filter>Header Files</Filter>
    </ClInclude>
    <ClInclude Include="ComputationNode.h">
      <Filter>Header Files</Filter>
    </ClInclude>
    <ClInclude Include="ComputationNetwork.h">
      <Filter>Header Files</Filter>
    </ClInclude>
    <ClInclude Include="TrainingCriterionNode.h">
      <Filter>Header Files</Filter>
    </ClInclude>
    <ClInclude Include="IComputationNetBuilder.h">
      <Filter>Header Files</Filter>
    </ClInclude>
    <ClInclude Include="SimpleNetworkBuilder.h">
      <Filter>Header Files</Filter>
    </ClInclude>
    <ClInclude Include="CompositeComputationNode.h">
      <Filter>Header Files</Filter>
    </ClInclude>
    <ClInclude Include="..\..\Common\Include\File.h">
      <Filter>Header Files</Filter>
    </ClInclude>
    <ClInclude Include="..\..\Common\Include\basetypes.h">
      <Filter>Header Files</Filter>
    </ClInclude>
    <ClInclude Include="EvaluationCriterionNode.h">
      <Filter>Header Files</Filter>
    </ClInclude>
    <ClInclude Include="SimpleEvaluator.h">
      <Filter>Header Files</Filter>
    </ClInclude>
    <ClInclude Include="..\..\Common\Include\commandArgUtil.h">
      <Filter>Header Files</Filter>
    </ClInclude>
    <ClInclude Include="..\..\Common\hostname.h">
      <Filter>Header Files</Filter>
    </ClInclude>
    <ClInclude Include="SimpleOutputWriter.h">
      <Filter>Header Files</Filter>
    </ClInclude>
    <ClInclude Include="NetworkDescriptionLanguage.h">
      <Filter>Header Files</Filter>
    </ClInclude>
    <ClInclude Include="NDLNetworkBuilder.h">
      <Filter>Header Files</Filter>
    </ClInclude>
    <ClInclude Include="IExecutionEngine.h">
      <Filter>Header Files</Filter>
    </ClInclude>
    <ClInclude Include="SynchronousExecutionEngine.h">
      <Filter>Header Files</Filter>
    </ClInclude>
    <ClInclude Include="PTask.h">
      <Filter>Header Files</Filter>
    </ClInclude>
    <ClInclude Include="PTaskGraphBuilder.h">
      <Filter>Header Files</Filter>
    </ClInclude>
    <ClInclude Include="SGD.h">
      <Filter>Header Files</Filter>
    </ClInclude>
    <ClInclude Include="ComputationNetworkHelper.h">
      <Filter>Header Files</Filter>
    </ClInclude>
    <ClInclude Include="ModelEditLanguage.h">
      <Filter>Header Files</Filter>
    </ClInclude>
    <ClInclude Include="..\..\Common\Include\BestGpu.h">
      <Filter>Header Files</Filter>
    </ClInclude>
    <ClInclude Include="..\..\Common\Include\nvml.h">
      <Filter>Header Files</Filter>
    </ClInclude>
    <ClInclude Include="NDLUtil.h">
      <Filter>Header Files</Filter>
    </ClInclude>
    <ClInclude Include="..\..\Common\Include\fileutil.h">
      <Filter>Header Files</Filter>
    </ClInclude>
    <ClInclude Include="SegmentalComputationNode.h">
      <Filter>Header Files</Filter>
    </ClInclude>
  </ItemGroup>
  <ItemGroup>
    <ClCompile Include="stdafx.cpp">
      <Filter>Source Files</Filter>
    </ClCompile>
    <ClCompile Include="cn.cpp">
      <Filter>Source Files</Filter>
    </ClCompile>
    <ClCompile Include="ComputationNode.cpp">
      <Filter>Source Files</Filter>
    </ClCompile>
    <ClCompile Include="..\..\Common\File.cpp">
      <Filter>Source Files</Filter>
    </ClCompile>
    <ClCompile Include="..\..\Common\fileutil.cpp">
      <Filter>Source Files</Filter>
    </ClCompile>
    <ClCompile Include="..\..\Common\ConfigFile.cpp">
      <Filter>Source Files</Filter>
    </ClCompile>
    <ClCompile Include="..\..\Common\DataReader.cpp">
      <Filter>Source Files</Filter>
    </ClCompile>
    <ClCompile Include="tests.cpp">
      <Filter>Source Files</Filter>
    </ClCompile>
    <ClCompile Include="..\..\Common\DataWriter.cpp">
      <Filter>Source Files</Filter>
    </ClCompile>
    <ClCompile Include="NetworkDescriptionLanguage.cpp">
      <Filter>Source Files</Filter>
    </ClCompile>
    <ClCompile Include="ModelEditLanguage.cpp">
      <Filter>Source Files</Filter>
    </ClCompile>
    <ClCompile Include="PTaskGraphBuilder.cpp">
      <Filter>Source Files</Filter>
    </ClCompile>
    <ClCompile Include="..\..\Common\BestGpu.cpp">
      <Filter>Source Files</Filter>
    </ClCompile>
    <ClCompile Include="SimpleNetworkBuilder.cpp">
      <Filter>Source Files</Filter>
    </ClCompile>
    <ClCompile Include="SegmentalComputationNode.cpp">
      <Filter>Source Files</Filter>
    </ClCompile>
  </ItemGroup>
</Project>