<?xml version="1.0" encoding="utf-8"?>
<Project ToolsVersion="4.0" xmlns="http://schemas.microsoft.com/developer/msbuild/2003">
  <ItemGroup>
    <ClCompile Include="test_blob.cpp" />
    <ClCompile Include="test_node.cpp" />
    <ClCompile Include="test_multiverso.cpp" />
    <ClCompile Include="test_message.cpp" />
    <ClCompile Include="test_array.cpp" />
    <ClCompile Include="test_kv.cpp" />
    <ClCompile Include="test_sync.cpp" />
  </ItemGroup>
  <ItemGroup>
    <ClInclude Include="multiverso_env.h" />
  </ItemGroup>
</Project>