<?xml version="1.0" encoding="utf-8"?>
<Project ToolsVersion="4.0" xmlns="http://schemas.microsoft.com/developer/msbuild/2003">
  <ItemGroup>
    <ClCompile Include="..\..\Common\ConfigFile.cpp">
      <Filter>Common</Filter>
    </ClCompile>
    <ClCompile Include="..\..\Common\DataReader.cpp">
      <Filter>Common</Filter>
    </ClCompile>
    <ClCompile Include="..\..\Common\DataWriter.cpp">
      <Filter>Common</Filter>
    </ClCompile>
    <ClCompile Include="..\..\Common\File.cpp">
      <Filter>Common</Filter>
    </ClCompile>
    <ClCompile Include="..\..\Common\fileutil.cpp">
      <Filter>Common</Filter>
    </ClCompile>
    <ClCompile Include="stdafx.cpp">
      <Filter>Misc</Filter>
    </ClCompile>
    <ClCompile Include="..\..\Common\TimerUtility.cpp">
      <Filter>Common</Filter>
    </ClCompile>
    <ClCompile Include="Profiler.cpp">
      <Filter>GPU Interfacing</Filter>
    </ClCompile>
    <ClCompile Include="SGD.cpp">
      <Filter>SGD</Filter>
    </ClCompile>
  </ItemGroup>
  <ItemGroup>
    <ClInclude Include="..\..\Common\Include\basetypes.h">
      <Filter>Common\Include</Filter>
    </ClInclude>
    <ClInclude Include="..\..\Common\Include\commandArgUtil.h">
      <Filter>Common\Include</Filter>
    </ClInclude>
    <ClInclude Include="..\..\Common\Include\fileutil.h">
      <Filter>Common\Include</Filter>
    </ClInclude>
    <ClInclude Include="..\..\Common\Include\File.h">
      <Filter>Common\Include</Filter>
    </ClInclude>
    <ClInclude Include="..\..\Common\Include\DataReader.h">
      <Filter>Common\Include</Filter>
    </ClInclude>
    <ClInclude Include="..\..\Common\Include\DataWriter.h">
      <Filter>Common\Include</Filter>
    </ClInclude>
    <ClInclude Include="..\CNTKComputationNetworkLib\ComputationNetwork.h">
      <Filter>from CNTKComputationNetworkLib\Network</Filter>
    </ClInclude>
    <ClInclude Include="..\CNTKComputationNetworkLib\ComputationNode.h">
      <Filter>from CNTKComputationNetworkLib\Nodes</Filter>
    </ClInclude>
    <ClInclude Include="stdafx.h">
      <Filter>Misc</Filter>
    </ClInclude>
    <ClInclude Include="targetver.h">
      <Filter>Misc</Filter>
    </ClInclude>
    <ClInclude Include="..\..\Common\Include\hostname.h">
      <Filter>Common\Include</Filter>
    </ClInclude>
    <ClInclude Include="..\..\Common\Include\TimerUtility.h">
      <Filter>Common\Include</Filter>
    </ClInclude>
    <ClInclude Include="..\..\Common\Include\Basics.h">
      <Filter>Common\Include</Filter>
    </ClInclude>
    <ClInclude Include="..\..\Common\Include\minibatchsourcehelpers.h">
      <Filter>Common\Include</Filter>
    </ClInclude>
    <ClInclude Include="..\..\Common\Include\BestGpu.h">
      <Filter>Common\Include</Filter>
    </ClInclude>
    <ClInclude Include="..\CNTKComputationNetworkLib\CompositeComputationNodes.h">
      <Filter>from CNTKComputationNetworkLib\Nodes</Filter>
    </ClInclude>
    <ClInclude Include="..\CNTKComputationNetworkLib\EvaluationCriterionNodes.h">
      <Filter>from CNTKComputationNetworkLib\Nodes</Filter>
    </ClInclude>
    <ClInclude Include="..\CNTKComputationNetworkLib\TrainingCriterionNodes.h">
      <Filter>from CNTKComputationNetworkLib\Nodes</Filter>
    </ClInclude>
    <ClInclude Include="..\CNTKComputationNetworkLib\NonlinearityNodes.h">
      <Filter>from CNTKComputationNetworkLib\Nodes</Filter>
    </ClInclude>
    <ClInclude Include="..\CNTKComputationNetworkLib\LinearAlgebraNodes.h">
      <Filter>from CNTKComputationNetworkLib\Nodes</Filter>
    </ClInclude>
    <ClInclude Include="..\CNTKComputationNetworkLib\ConvolutionalNodes.h">
      <Filter>from CNTKComputationNetworkLib\Nodes</Filter>
    </ClInclude>
    <ClInclude Include="..\CNTKComputationNetworkLib\RecurrentNodes.h">
      <Filter>from CNTKComputationNetworkLib\Nodes</Filter>
    </ClInclude>
    <ClInclude Include="..\CNTKComputationNetworkLib\InputAndParamNodes.h">
      <Filter>from CNTKComputationNetworkLib\Nodes</Filter>
    </ClInclude>
    <ClInclude Include="..\CNTKComputationNetworkLib\DecoderNode.h">
      <Filter>from CNTKComputationNetworkLib\Nodes</Filter>
    </ClInclude>
    <ClInclude Include="..\..\Common\CrossProcessMutex.h">
      <Filter>Common\Include</Filter>
    </ClInclude>
    <ClInclude Include="AllReduceDistGradAggregator.h">
      <Filter>Parallelization</Filter>
    </ClInclude>
    <ClInclude Include="DistGradHeader.h">
      <Filter>Parallelization</Filter>
    </ClInclude>
    <ClInclude Include="IDistGradAggregator.h">
      <Filter>Parallelization</Filter>
    </ClInclude>
    <ClInclude Include="MPIWrapper.h">
      <Filter>Parallelization</Filter>
    </ClInclude>
    <ClInclude Include="..\..\Common\Include\Platform.h">
      <Filter>Common\Include</Filter>
    </ClInclude>
    <ClInclude Include="..\CNTK\Profiler.h">
      <Filter>GPU Interfacing</Filter>
    </ClInclude>
    <ClInclude Include="MultiNetworksSGD.h">
      <Filter>SGD</Filter>
    </ClInclude>
    <ClInclude Include="SGD.h">
      <Filter>SGD</Filter>
    </ClInclude>
    <ClInclude Include="SimpleEvaluator.h">
      <Filter>SGD</Filter>
    </ClInclude>
    <ClInclude Include="SimpleOutputWriter.h">
      <Filter>Eval</Filter>
    </ClInclude>
    <ClInclude Include="SimpleNetworkBuilder.h">
      <Filter>Eval</Filter>
    </ClInclude>
    <ClInclude Include="IComputationNetBuilder.h">
      <Filter>SGD</Filter>
    </ClInclude>
    <ClInclude Include="..\..\Common\Include\ScriptableObjects.h">
      <Filter>Common\Include</Filter>
    </ClInclude>
    <ClInclude Include="..\..\Math\Math\Matrix.h">
      <Filter>from CNTKMath</Filter>
    </ClInclude>
    <ClInclude Include="..\..\Math\Math\CUDAPageLockedMemAllocator.h">
      <Filter>from CNTKMath</Filter>
    </ClInclude>
    <ClInclude Include="..\..\Math\Math\MatrixQuantizer.h">
      <Filter>from CNTKMath</Filter>
    </ClInclude>
    <ClInclude Include="..\..\Math\Math\QuantizedMatrix.h">
      <Filter>from CNTKMath</Filter>
    </ClInclude>
    <ClInclude Include="..\CNTK\SimpleOutputWriter.h">
      <Filter>SGD</Filter>
    </ClInclude>
  </ItemGroup>
  <ItemGroup>
    <Filter Include="Common">
      <UniqueIdentifier>{b3d05c7b-7bcf-4b12-bcb5-dced86717202}</UniqueIdentifier>
    </Filter>
    <Filter Include="Common\Include">
      <UniqueIdentifier>{85226dda-87ba-4da6-af04-563d0ce23b94}</UniqueIdentifier>
    </Filter>
    <Filter Include="Misc">
      <UniqueIdentifier>{3c119a92-ffb2-4850-adae-01778324974d}</UniqueIdentifier>
    </Filter>
    <Filter Include="GPU Interfacing">
      <UniqueIdentifier>{8d99b2cc-5209-40e4-8b4b-a7616973ae3b}</UniqueIdentifier>
    </Filter>
    <Filter Include="Parallelization">
      <UniqueIdentifier>{8531d7fb-a673-491a-988a-012c92fafbfd}</UniqueIdentifier>
    </Filter>
    <Filter Include="SGD">
      <UniqueIdentifier>{5e22e394-50bb-4ce7-bfda-9b8d2d1a2741}</UniqueIdentifier>
    </Filter>
    <Filter Include="Eval">
      <UniqueIdentifier>{c263e5cd-26a3-4277-bf2f-f3de466267a3}</UniqueIdentifier>
    </Filter>
    <Filter Include="from CNTKComputationNetworkLib">
      <UniqueIdentifier>{d5cc574b-5fd1-476b-b69e-0c6428a55262}</UniqueIdentifier>
    </Filter>
    <Filter Include="from CNTKComputationNetworkLib\Network">
      <UniqueIdentifier>{498bb2e9-53de-4955-970e-813e3f21025b}</UniqueIdentifier>
    </Filter>
    <Filter Include="from CNTKComputationNetworkLib\Nodes">
      <UniqueIdentifier>{0b366814-48b2-4619-bf92-85ee24e3cbc1}</UniqueIdentifier>
    </Filter>
    <Filter Include="from CNTKMath">
      <UniqueIdentifier>{4c82e709-ff3e-43ab-b94c-763e300b637e}</UniqueIdentifier>
    </Filter>
  </ItemGroup>
</Project>