
Microsoft Visual Studio Solution File, Format Version 12.00
# Visual Studio 15
VisualStudioVersion = 15.0.26430.16
MinimumVisualStudioVersion = 10.0.40219.1
Project("{9A19103F-16F7-4668-BE54-9A1E7A4F7556}") = "Cntk.Io", "Cntk.Io.csproj", "{5F0B08C7-3851-4008-92DC-CB05F8F4B674}"
EndProject
Global
	GlobalSection(SolutionConfigurationPlatforms) = preSolution
		Debug|Any CPU = Debug|Any CPU
		Release|Any CPU = Release|Any CPU
	EndGlobalSection
	GlobalSection(ProjectConfigurationPlatforms) = postSolution
		{5F0B08C7-3851-4008-92DC-CB05F8F4B674}.Debug|Any CPU.ActiveCfg = Debug|Any CPU
		{5F0B08C7-3851-4008-92DC-CB05F8F4B674}.Debug|Any CPU.Build.0 = Debug|Any CPU
		{5F0B08C7-3851-4008-92DC-CB05F8F4B674}.Release|Any CPU.ActiveCfg = Release|Any CPU
		{5F0B08C7-3851-4008-92DC-CB05F8F4B674}.Release|Any CPU.Build.0 = Release|Any CPU
	EndGlobalSection
	GlobalSection(SolutionProperties) = preSolution
		HideSolutionNode = FALSE
	EndGlobalSection
EndGlobal
