<?xml version="1.0" encoding="utf-8"?>
<Project ToolsVersion="4.0" xmlns="http://schemas.microsoft.com/developer/msbuild/2003">
  <ItemGroup>
    <ClInclude Include="stdafx.h" />
    <ClInclude Include="targetver.h" />
    <ClInclude Include="Common\NetworkTestHelper.h">
      <Filter>Common</Filter>
    </ClInclude>
    <ClInclude Include="TestHelpers.h" />
  </ItemGroup>
  <ItemGroup>
    <ClCompile Include="stdafx.cpp" />
    <ClCompile Include="OperatorEvaluation.cpp" />
    <ClCompile Include="..\..\..\Source\CNTK\BrainScript\BrainScriptParser.cpp">
      <Filter>From BrainScript</Filter>
    </ClCompile>
    <ClCompile Include="..\..\..\Source\CNTK\BrainScript\BrainScriptEvaluator.cpp">
      <Filter>From BrainScript</Filter>
    </ClCompile>
    <ClCompile Include="AccumulatorNodeTests.cpp" />
    <ClCompile Include="CropNodeTests.cpp" />
    <ClCompile Include="TestHelpers.cpp" />
    <ClCompile Include="EditDistanceTests.cpp" />
    <ClCompile Include="BatchNormalizationTests.cpp" />
  </ItemGroup>
  <ItemGroup>
    <Filter Include="Config">
      <UniqueIdentifier>{c432195d-2778-4d83-96e6-fe6a4cda71be}</UniqueIdentifier>
    </Filter>
    <Filter Include="Control">
      <UniqueIdentifier>{8dae3bf6-0483-4829-bb0f-8b03a958fb55}</UniqueIdentifier>
    </Filter>
    <Filter Include="Data">
      <UniqueIdentifier>{ad78db4c-665d-4d7e-b65a-a76636af8d68}</UniqueIdentifier>
    </Filter>
    <Filter Include="Common">
      <UniqueIdentifier>{2dbf6bfe-1a4e-4641-94a8-853743fb0542}</UniqueIdentifier>
    </Filter>
    <Filter Include="From BrainScript">
      <UniqueIdentifier>{90cee75b-2e8b-4cfb-b05b-b223d105f2ed}</UniqueIdentifier>
    </Filter>
    <Filter Include="Models">
      <UniqueIdentifier>{d836c60d-fdf9-4b41-8388-6a2a1f2cc621}</UniqueIdentifier>
    </Filter>
  </ItemGroup>
  <ItemGroup>
    <Text Include="Control\Network_Operator_Plus_Control.txt">
      <Filter>Control</Filter>
    </Text>
    <Text Include="Data\Network_Operator_Plus_Data.txt">
      <Filter>Data</Filter>
    </Text>
    <Text Include="Config\Network_Operator_Plus.cntk">
      <Filter>Config</Filter>
    </Text>
  </ItemGroup>
  <ItemGroup>
    <None Include="Config\BatchNorm_BS_Builder.cntk">
      <Filter>Config</Filter>
    </None>
    <None Include="Config\Macros.bs">
      <Filter>Config</Filter>
    </None>
    <None Include="Config\BatchNorm_BS_Model.cntk">
      <Filter>Config</Filter>
    </None>
    <None Include="Config\BatchNorm_NDL_Model.cntk">
      <Filter>Config</Filter>
    </None>
    <None Include="Config\BatchNorm_NDL_Builder_BN5.cntk">
      <Filter>Config</Filter>
    </None>
    <None Include="Config\BatchNorm_NDL_Builder_BN6.cntk">
      <Filter>Config</Filter>
    </None>
    <None Include="Models\01_OneHidden.dnn">
      <Filter>Models</Filter>
    </None>
    <None Include="Models\ResNet20_CIFAR10_DataAug.dnn">
      <Filter>Models</Filter>
    </None>
  </ItemGroup>
</Project>