<?xml version="1.0" encoding="utf-8"?>
<Project ToolsVersion="4.0" xmlns="http://schemas.microsoft.com/developer/msbuild/2003">
  <ItemGroup>
    <Filter Include="Documents">
      <UniqueIdentifier>{93995380-89BD-4b04-88EB-625FBE52EBFB}</UniqueIdentifier>
      <Extensions>h;hh;hpp;hxx;hm;inl;inc;xsd</Extensions>
    </Filter>
    <Filter Include="CNTK-TechReport">
      <UniqueIdentifier>{4FC737F1-C7A5-4376-A066-2A32D752A2FF}</UniqueIdentifier>
      <Extensions>cpp;c;cc;cxx;def;odl;idl;hpj;bat;asm;asmx</Extensions>
    </Filter>
    <Filter Include="CNTK-TechReport\lyx">
      <UniqueIdentifier>{d9322d02-0567-44ed-9be7-c0807d14b1a5}</UniqueIdentifier>
    </Filter>
    <Filter Include="CNTK-TechReport\figures">
      <UniqueIdentifier>{6bbb6aeb-9101-4c9a-9c8a-f21c128368d6}</UniqueIdentifier>
    </Filter>
    <Filter Include="Tutorial">
      <UniqueIdentifier>{67DA6AB6-F800-4c08-8B7A-83BB121AAD01}</UniqueIdentifier>
      <Extensions>rc;ico;cur;bmp;dlg;rc2;rct;bin;rgs;gif;jpg;jpeg;jpe;resx;tiff;tif;png;wav;mfcribbon-ms</Extensions>
    </Filter>
  </ItemGroup>
  <ItemGroup>
    <None Include="Tutorial\CNTK-Tutorial-ICASSP2015.pdf">
      <Filter>Tutorial</Filter>
    </None>
    <None Include="Documents\Configuration Files.docx">
      <Filter>Documents</Filter>
    </None>
    <None Include="Documents\External Buffer Behavior.docx">
      <Filter>Documents</Filter>
    </None>
    <None Include="Documents\Model Editing Language.docx">
      <Filter>Documents</Filter>
    </None>
    <None Include="Documents\Network Description Language.docx">
      <Filter>Documents</Filter>
    </None>
    <None Include="CNTK-TechReport\lyx\#CNTKBook_CNTK_Programmer_Chapter.lyx#">
      <Filter>CNTK-TechReport\lyx</Filter>
    </None>
    <None Include="CNTK-TechReport\lyx\CNTKBook_Abstract.lyx">
      <Filter>CNTK-TechReport\lyx</Filter>
    </None>
    <None Include="CNTK-TechReport\lyx\CNTKBook_ASRDecoder_Chapter.lyx">
      <Filter>CNTK-TechReport\lyx</Filter>
    </None>
    <None Include="CNTK-TechReport\lyx\CNTKBook_CN_Chapter.lyx">
      <Filter>CNTK-TechReport\lyx</Filter>
    </None>
    <None Include="CNTK-TechReport\lyx\CNTKBook_CNTK_Adv_Chapter.lyx">
      <Filter>CNTK-TechReport\lyx</Filter>
    </None>
    <None Include="CNTK-TechReport\lyx\CNTKBook_CNTK_Chapter.lyx">
      <Filter>CNTK-TechReport\lyx</Filter>
    </None>
    <None Include="CNTK-TechReport\lyx\CNTKBook_CNTK_Programmer_Chapter.lyx">
      <Filter>CNTK-TechReport\lyx</Filter>
    </None>
    <None Include="CNTK-TechReport\lyx\CNTKBook_ExampleSetup_Chapter.lyx">
      <Filter>CNTK-TechReport\lyx</Filter>
    </None>
    <None Include="CNTK-TechReport\lyx\CNTKBook_Introduction.lyx">
      <Filter>CNTK-TechReport\lyx</Filter>
    </None>
    <None Include="CNTK-TechReport\lyx\CNTKBook-20150513.pdf">
      <Filter>CNTK-TechReport\lyx</Filter>
    </None>
    <None Include="CNTK-TechReport\lyx\CNTKBook-master.lyx">
      <Filter>CNTK-TechReport\lyx</Filter>
    </None>
    <None Include="CNTK-TechReport\lyx\references.bib">
      <Filter>CNTK-TechReport\lyx</Filter>
    </None>
    <None Include="CNTK-TechReport\figures\CN+TrainingCriterion.pdf">
      <Filter>CNTK-TechReport\figures</Filter>
    </None>
    <None Include="CNTK-TechReport\figures\CN-1HiddenNN.pdf">
      <Filter>CNTK-TechReport\figures</Filter>
    </None>
    <None Include="CNTK-TechReport\figures\CN-2Inputs.pdf">
      <Filter>CNTK-TechReport\figures</Filter>
    </None>
    <None Include="CNTK-TechReport\figures\CN-EfficientGradient.pdf">
      <Filter>CNTK-TechReport\figures</Filter>
    </None>
    <None Include="CNTK-TechReport\figures\CN-NaiveGradient.pdf">
      <Filter>CNTK-TechReport\figures</Filter>
    </None>
    <None Include="CNTK-TechReport\figures\CNNComputation.pdf">
      <Filter>CNTK-TechReport\figures</Filter>
    </None>
    <None Include="CNTK-TechReport\figures\CN-ShareWeight.pdf">
      <Filter>CNTK-TechReport\figures</Filter>
    </None>
    <None Include="CNTK-TechReport\figures\CNTKArch.pdf">
      <Filter>CNTK-TechReport\figures</Filter>
    </None>
    <None Include="CNTK-TechReport\figures\CN-WithDelayNode.pdf">
      <Filter>CNTK-TechReport\figures</Filter>
    </None>
    <None Include="CNTK-TechReport\figures\SequenceBatch.pdf">
      <Filter>CNTK-TechReport\figures</Filter>
    </None>
  </ItemGroup>
  <ItemGroup>
    <Image Include="CNTK-TechReport\figures\CN+TrainingCriterion.png">
      <Filter>CNTK-TechReport\figures</Filter>
    </Image>
    <Image Include="CNTK-TechReport\figures\CN-1HiddenNN.png">
      <Filter>CNTK-TechReport\figures</Filter>
    </Image>
    <Image Include="CNTK-TechReport\figures\CN-2Inputs.png">
      <Filter>CNTK-TechReport\figures</Filter>
    </Image>
    <Image Include="CNTK-TechReport\figures\CN-EfficientGradient.png">
      <Filter>CNTK-TechReport\figures</Filter>
    </Image>
    <Image Include="CNTK-TechReport\figures\CN-NaiveGradient.png">
      <Filter>CNTK-TechReport\figures</Filter>
    </Image>
    <Image Include="CNTK-TechReport\figures\CNNComputation.png">
      <Filter>CNTK-TechReport\figures</Filter>
    </Image>
    <Image Include="CNTK-TechReport\figures\CN-ShareWeight.png">
      <Filter>CNTK-TechReport\figures</Filter>
    </Image>
    <Image Include="CNTK-TechReport\figures\CNTKArch.png">
      <Filter>CNTK-TechReport\figures</Filter>
    </Image>
    <Image Include="CNTK-TechReport\figures\CN-WithDelayNode.png">
      <Filter>CNTK-TechReport\figures</Filter>
    </Image>
    <Image Include="CNTK-TechReport\figures\ConfusionData1.png">
      <Filter>CNTK-TechReport\figures</Filter>
    </Image>
    <Image Include="CNTK-TechReport\figures\ConfusionData100.png">
      <Filter>CNTK-TechReport\figures</Filter>
    </Image>
    <Image Include="CNTK-TechReport\figures\SequenceBatch.png">
      <Filter>CNTK-TechReport\figures</Filter>
    </Image>
    <Image Include="CNTK-TechReport\figures\SimpleDemoDataReference.png">
      <Filter>CNTK-TechReport\figures</Filter>
    </Image>
    <Image Include="CNTK-TechReport\figures\SimpleDemoErrorRateReference.png">
      <Filter>CNTK-TechReport\figures</Filter>
    </Image>
    <Image Include="CNTK-TechReport\figures\SimpleDemoOutputReference.png">
      <Filter>CNTK-TechReport\figures</Filter>
    </Image>
    <Image Include="CNTK-TechReport\figures\simpleRNN.png">
      <Filter>CNTK-TechReport\figures</Filter>
    </Image>
    <Image Include="CNTK-TechReport\figures\SpeechErrorRate.png">
      <Filter>CNTK-TechReport\figures</Filter>
    </Image>
  </ItemGroup>
</Project>