<?xml version="1.0" encoding="utf-8"?>
<Project ToolsVersion="4.0" xmlns="http://schemas.microsoft.com/developer/msbuild/2003">
  <ItemGroup>
    <ClCompile Include="stdafx.cpp">
      <Filter>Misc</Filter>
    </ClCompile>
    <ClCompile Include="Profiler.cpp">
      <Filter>GPU Interfacing</Filter>
    </ClCompile>
    <ClCompile Include="SGD.cpp">
      <Filter>SGD</Filter>
    </ClCompile>
    <ClCompile Include="PostComputingActions.cpp">
      <Filter>Stat</Filter>
    </ClCompile>
    <ClCompile Include="ASGDHelper.cpp">
      <Filter>Parallelization</Filter>
    </ClCompile>
    <ClCompile Include="SimpleDistGradAggregatorHelper.cpp">
      <Filter>Parallelization</Filter>
    </ClCompile>
  </ItemGroup>
  <ItemGroup>
    <ClInclude Include="..\Common\Include\fileutil.h">
      <Filter>Common\Include</Filter>
    </ClInclude>
    <ClInclude Include="..\Common\Include\File.h">
      <Filter>Common\Include</Filter>
    </ClInclude>
    <ClInclude Include="..\Common\Include\DataReader.h">
      <Filter>Common\Include</Filter>
    </ClInclude>
    <ClInclude Include="..\Common\Include\DataWriter.h">
      <Filter>Common\Include</Filter>
    </ClInclude>
    <ClInclude Include="..\ComputationNetworkLib\ComputationNetwork.h">
      <Filter>from ComputationNetworkLib\Network</Filter>
    </ClInclude>
    <ClInclude Include="..\ComputationNetworkLib\ComputationNode.h">
      <Filter>from ComputationNetworkLib\Nodes</Filter>
    </ClInclude>
    <ClInclude Include="stdafx.h">
      <Filter>Misc</Filter>
    </ClInclude>
    <ClInclude Include="targetver.h">
      <Filter>Misc</Filter>
    </ClInclude>
    <ClInclude Include="..\Common\Include\hostname.h">
      <Filter>Common\Include</Filter>
    </ClInclude>
    <ClInclude Include="..\Common\Include\TimerUtility.h">
      <Filter>Common\Include</Filter>
    </ClInclude>
    <ClInclude Include="..\Common\Include\Basics.h">
      <Filter>Common\Include</Filter>
    </ClInclude>
    <ClInclude Include="..\Common\Include\BestGpu.h">
      <Filter>Common\Include</Filter>
    </ClInclude>
    <ClInclude Include="..\ComputationNetworkLib\NonlinearityNodes.h">
      <Filter>from ComputationNetworkLib\Nodes</Filter>
    </ClInclude>
    <ClInclude Include="..\ComputationNetworkLib\LinearAlgebraNodes.h">
      <Filter>from ComputationNetworkLib\Nodes</Filter>
    </ClInclude>
    <ClInclude Include="..\ComputationNetworkLib\ConvolutionalNodes.h">
      <Filter>from ComputationNetworkLib\Nodes</Filter>
    </ClInclude>
    <ClInclude Include="..\ComputationNetworkLib\RecurrentNodes.h">
      <Filter>from ComputationNetworkLib\Nodes</Filter>
    </ClInclude>
    <ClInclude Include="..\ComputationNetworkLib\InputAndParamNodes.h">
      <Filter>from ComputationNetworkLib\Nodes</Filter>
    </ClInclude>
    <ClInclude Include="..\Common\CrossProcessMutex.h">
      <Filter>Common\Include</Filter>
    </ClInclude>
    <ClInclude Include="DistGradHeader.h">
      <Filter>Parallelization</Filter>
    </ClInclude>
    <ClInclude Include="IDistGradAggregator.h">
      <Filter>Parallelization</Filter>
    </ClInclude>
    <ClInclude Include="..\Common\Include\Platform.h">
      <Filter>Common\Include</Filter>
    </ClInclude>
    <ClInclude Include="SGD.h">
      <Filter>SGD</Filter>
    </ClInclude>
    <ClInclude Include="SimpleOutputWriter.h">
      <Filter>Eval</Filter>
    </ClInclude>
    <ClInclude Include="..\Common\Include\ScriptableObjects.h">
      <Filter>Common\Include</Filter>
    </ClInclude>
    <ClInclude Include="..\Math\Matrix.h">
      <Filter>from Math</Filter>
    </ClInclude>
    <ClInclude Include="..\Math\CUDAPageLockedMemAllocator.h">
      <Filter>from Math</Filter>
    </ClInclude>
    <ClInclude Include="..\Math\QuantizedMatrix.h">
      <Filter>from Math</Filter>
    </ClInclude>
    <ClInclude Include="SimpleEvaluator.h">
      <Filter>Eval</Filter>
    </ClInclude>
    <ClInclude Include="DataReaderHelpers.h">
      <Filter>Data Reading</Filter>
    </ClInclude>
    <ClInclude Include="..\Common\Include\Sequences.h">
      <Filter>Common\Include</Filter>
    </ClInclude>
    <ClInclude Include="..\Common\Include\TensorShape.h">
      <Filter>Common\Include</Filter>
    </ClInclude>
    <ClInclude Include="..\Common\Include\Config.h">
      <Filter>Common\Include</Filter>
    </ClInclude>
    <ClInclude Include="SimpleDistGradAggregator.h">
      <Filter>Parallelization</Filter>
    </ClInclude>
    <ClInclude Include="..\ComputationNetworkLib\PreComputeNodes.h">
      <Filter>from ComputationNetworkLib\Nodes</Filter>
    </ClInclude>
    <ClInclude Include="..\ComputationNetworkLib\EvaluationNodes.h">
      <Filter>from ComputationNetworkLib\Nodes</Filter>
    </ClInclude>
    <ClInclude Include="..\ComputationNetworkLib\TrainingNodes.h">
      <Filter>from ComputationNetworkLib\Nodes</Filter>
    </ClInclude>
    <ClInclude Include="MASGD.h">
      <Filter>Parallelization</Filter>
    </ClInclude>
    <ClInclude Include="Criterion.h">
      <Filter>SGD</Filter>
    </ClInclude>
    <ClInclude Include="PostComputingActions.h">
      <Filter>Stat</Filter>
    </ClInclude>
    <ClInclude Include="V2SimpleDistGradAggregator.h">
      <Filter>Parallelization</Filter>
    </ClInclude>
    <ClInclude Include="..\Common\Include\ASGDHelper.h">
      <Filter>Parallelization</Filter>
    </ClInclude>
    <ClInclude Include="AccumulatorAggregation.h">
      <Filter>Parallelization</Filter>
    </ClInclude>
    <ClInclude Include="SimpleDistGradAggregatorHelper.h">
      <Filter>Parallelization</Filter>
    </ClInclude>
  </ItemGroup>
  <ItemGroup>
    <Filter Include="Common">
      <UniqueIdentifier>{b3d05c7b-7bcf-4b12-bcb5-dced86717202}</UniqueIdentifier>
    </Filter>
    <Filter Include="Common\Include">
      <UniqueIdentifier>{85226dda-87ba-4da6-af04-563d0ce23b94}</UniqueIdentifier>
    </Filter>
    <Filter Include="Misc">
      <UniqueIdentifier>{3c119a92-ffb2-4850-adae-01778324974d}</UniqueIdentifier>
    </Filter>
    <Filter Include="GPU Interfacing">
      <UniqueIdentifier>{8d99b2cc-5209-40e4-8b4b-a7616973ae3b}</UniqueIdentifier>
    </Filter>
    <Filter Include="Parallelization">
      <UniqueIdentifier>{8531d7fb-a673-491a-988a-012c92fafbfd}</UniqueIdentifier>
    </Filter>
    <Filter Include="SGD">
      <UniqueIdentifier>{5e22e394-50bb-4ce7-bfda-9b8d2d1a2741}</UniqueIdentifier>
    </Filter>
    <Filter Include="Eval">
      <UniqueIdentifier>{c263e5cd-26a3-4277-bf2f-f3de466267a3}</UniqueIdentifier>
    </Filter>
    <Filter Include="from ComputationNetworkLib">
      <UniqueIdentifier>{d5cc574b-5fd1-476b-b69e-0c6428a55262}</UniqueIdentifier>
    </Filter>
    <Filter Include="from ComputationNetworkLib\Network">
      <UniqueIdentifier>{498bb2e9-53de-4955-970e-813e3f21025b}</UniqueIdentifier>
    </Filter>
    <Filter Include="from ComputationNetworkLib\Nodes">
      <UniqueIdentifier>{0b366814-48b2-4619-bf92-85ee24e3cbc1}</UniqueIdentifier>
    </Filter>
    <Filter Include="from Math">
      <UniqueIdentifier>{4c82e709-ff3e-43ab-b94c-763e300b637e}</UniqueIdentifier>
    </Filter>
    <Filter Include="Data Reading">
      <UniqueIdentifier>{b866d513-7bd0-497c-98c2-f62dbcd4cde4}</UniqueIdentifier>
    </Filter>
    <Filter Include="Stat">
      <UniqueIdentifier>{f406217f-5a11-44ca-bb34-52254dbee8af}</UniqueIdentifier>
    </Filter>
  </ItemGroup>
</Project>